
Microsoft Visual Studio Solution File, Format Version 12.00
# Visual Studio Version 17
VisualStudioVersion = 17.13.36105.23
MinimumVisualStudioVersion = 10.0.40219.1
Project("{2150E333-8FDC-42A3-9474-1A3956D46DE8}") = "933. Number of Recent Calls", "933. Number of Recent Calls", "{CA69649D-3BB0-1114-5A3D-787EB7739301}"
EndProject
Project("{2150E333-8FDC-42A3-9474-1A3956D46DE8}") = "cs", "cs", "{9BDC05A5-0E33-94D9-E824-B4934485FD09}"
EndProject
Project("{FAE04EC0-301F-11D3-BF4B-00C04F79EFBC}") = "RecentCounter", "933. Number of Recent Calls\cs\RecentCounter\RecentCounter.csproj", "{066A0AB7-D917-49F0-A257-30CB449BCB39}"
EndProject
Project("{FAE04EC0-301F-11D3-BF4B-00C04F79EFBC}") = "RecentCounterTests", "933. Number of Recent Calls\cs\RecentCounterTests\RecentCounterTests.csproj", "{506A5B2D-C584-46AE-98C9-F9A11887DF4E}"
EndProject
Project("{2150E333-8FDC-42A3-9474-1A3956D46DE8}") = "338. Counting Bits", "338. Counting Bits", "{A1B2C3D4-E5F6-4A5B-8C9D-0E1F2A3B4C5D}"
EndProject
Project("{2150E333-8FDC-42A3-9474-1A3956D46DE8}") = "cs", "cs", "{B2C3D4E5-F6A7-5B6C-9D0E-1F2A3B4C5D6E}"
EndProject
Project("{FAE04EC0-301F-11D3-BF4B-00C04F79EFBC}") = "CountBits", "338. Counting Bits\cs\CountBits\CountBits.csproj", "{C3D4E5F6-A7B8-6C7D-0E1F-2A3B4C5D6E7F}"
EndProject
Project("{FAE04EC0-301F-11D3-BF4B-00C04F79EFBC}") = "CountBitsTests", "338. Counting Bits\cs\CountBitsTests\CountBitsTests.csproj", "{D4E5F6A7-B8C9-7D8E-1F2A-3B4C5D6E7F8A}"
EndProject
Global
	GlobalSection(SolutionConfigurationPlatforms) = preSolution
		Debug|Any CPU = Debug|Any CPU
		Debug|x64 = Debug|x64
		Debug|x86 = Debug|x86
		Release|Any CPU = Release|Any CPU
		Release|x64 = Release|x64
		Release|x86 = Release|x86
	EndGlobalSection
	GlobalSection(ProjectConfigurationPlatforms) = postSolution
		{066A0AB7-D917-49F0-A257-30CB449BCB39}.Debug|Any CPU.ActiveCfg = Debug|Any CPU
		{066A0AB7-D917-49F0-A257-30CB449BCB39}.Debug|Any CPU.Build.0 = Debug|Any CPU
		{066A0AB7-D917-49F0-A257-30CB449BCB39}.Debug|x64.ActiveCfg = Debug|Any CPU
		{066A0AB7-D917-49F0-A257-30CB449BCB39}.Debug|x64.Build.0 = Debug|Any CPU
		{066A0AB7-D917-49F0-A257-30CB449BCB39}.Debug|x86.ActiveCfg = Debug|Any CPU
		{066A0AB7-D917-49F0-A257-30CB449BCB39}.Debug|x86.Build.0 = Debug|Any CPU
		{066A0AB7-D917-49F0-A257-30CB449BCB39}.Release|Any CPU.ActiveCfg = Release|Any CPU
		{066A0AB7-D917-49F0-A257-30CB449BCB39}.Release|Any CPU.Build.0 = Release|Any CPU
		{066A0AB7-D917-49F0-A257-30CB449BCB39}.Release|x64.ActiveCfg = Release|Any CPU
		{066A0AB7-D917-49F0-A257-30CB449BCB39}.Release|x64.Build.0 = Release|Any CPU
		{066A0AB7-D917-49F0-A257-30CB449BCB39}.Release|x86.ActiveCfg = Release|Any CPU
		{066A0AB7-D917-49F0-A257-30CB449BCB39}.Release|x86.Build.0 = Release|Any CPU
		{506A5B2D-C584-46AE-98C9-F9A11887DF4E}.Debug|Any CPU.ActiveCfg = Debug|Any CPU
		{506A5B2D-C584-46AE-98C9-F9A11887DF4E}.Debug|Any CPU.Build.0 = Debug|Any CPU
		{506A5B2D-C584-46AE-98C9-F9A11887DF4E}.Debug|x64.ActiveCfg = Debug|Any CPU
		{506A5B2D-C584-46AE-98C9-F9A11887DF4E}.Debug|x64.Build.0 = Debug|Any CPU
		{506A5B2D-C584-46AE-98C9-F9A11887DF4E}.Debug|x86.ActiveCfg = Debug|Any CPU
		{506A5B2D-C584-46AE-98C9-F9A11887DF4E}.Debug|x86.Build.0 = Debug|Any CPU
		{506A5B2D-C584-46AE-98C9-F9A11887DF4E}.Release|Any CPU.ActiveCfg = Release|Any CPU
		{506A5B2D-C584-46AE-98C9-F9A11887DF4E}.Release|Any CPU.Build.0 = Release|Any CPU
		{506A5B2D-C584-46AE-98C9-F9A11887DF4E}.Release|x64.ActiveCfg = Release|Any CPU
		{506A5B2D-C584-46AE-98C9-F9A11887DF4E}.Release|x64.Build.0 = Release|Any CPU
		{506A5B2D-C584-46AE-98C9-F9A11887DF4E}.Release|x86.ActiveCfg = Release|Any CPU
		{506A5B2D-C584-46AE-98C9-F9A11887DF4E}.Release|x86.Build.0 = Release|Any CPU
		{C3D4E5F6-A7B8-6C7D-0E1F-2A3B4C5D6E7F}.Debug|Any CPU.ActiveCfg = Debug|Any CPU
		{C3D4E5F6-A7B8-6C7D-0E1F-2A3B4C5D6E7F}.Debug|Any CPU.Build.0 = Debug|Any CPU
		{C3D4E5F6-A7B8-6C7D-0E1F-2A3B4C5D6E7F}.Debug|x64.ActiveCfg = Debug|Any CPU
		{C3D4E5F6-A7B8-6C7D-0E1F-2A3B4C5D6E7F}.Debug|x64.Build.0 = Debug|Any CPU
		{C3D4E5F6-A7B8-6C7D-0E1F-2A3B4C5D6E7F}.Debug|x86.ActiveCfg = Debug|Any CPU
		{C3D4E5F6-A7B8-6C7D-0E1F-2A3B4C5D6E7F}.Debug|x86.Build.0 = Debug|Any CPU
		{C3D4E5F6-A7B8-6C7D-0E1F-2A3B4C5D6E7F}.Release|Any CPU.ActiveCfg = Release|Any CPU
		{C3D4E5F6-A7B8-6C7D-0E1F-2A3B4C5D6E7F}.Release|Any CPU.Build.0 = Release|Any CPU
		{C3D4E5F6-A7B8-6C7D-0E1F-2A3B4C5D6E7F}.Release|x64.ActiveCfg = Release|Any CPU
		{C3D4E5F6-A7B8-6C7D-0E1F-2A3B4C5D6E7F}.Release|x64.Build.0 = Release|Any CPU
		{C3D4E5F6-A7B8-6C7D-0E1F-2A3B4C5D6E7F}.Release|x86.ActiveCfg = Release|Any CPU
		{C3D4E5F6-A7B8-6C7D-0E1F-2A3B4C5D6E7F}.Release|x86.Build.0 = Release|Any CPU
		{D4E5F6A7-B8C9-7D8E-1F2A-3B4C5D6E7F8A}.Debug|Any CPU.ActiveCfg = Debug|Any CPU
		{D4E5F6A7-B8C9-7D8E-1F2A-3B4C5D6E7F8A}.Debug|Any CPU.Build.0 = Debug|Any CPU
		{D4E5F6A7-B8C9-7D8E-1F2A-3B4C5D6E7F8A}.Debug|x64.ActiveCfg = Debug|Any CPU
		{D4E5F6A7-B8C9-7D8E-1F2A-3B4C5D6E7F8A}.Debug|x64.Build.0 = Debug|Any CPU
		{D4E5F6A7-B8C9-7D8E-1F2A-3B4C5D6E7F8A}.Debug|x86.ActiveCfg = Debug|Any CPU
		{D4E5F6A7-B8C9-7D8E-1F2A-3B4C5D6E7F8A}.Debug|x86.Build.0 = Debug|Any CPU
		{D4E5F6A7-B8C9-7D8E-1F2A-3B4C5D6E7F8A}.Release|Any CPU.ActiveCfg = Release|Any CPU
		{D4E5F6A7-B8C9-7D8E-1F2A-3B4C5D6E7F8A}.Release|Any CPU.Build.0 = Release|Any CPU
		{D4E5F6A7-B8C9-7D8E-1F2A-3B4C5D6E7F8A}.Release|x64.ActiveCfg = Release|Any CPU
		{D4E5F6A7-B8C9-7D8E-1F2A-3B4C5D6E7F8A}.Release|x64.Build.0 = Release|Any CPU
		{D4E5F6A7-B8C9-7D8E-1F2A-3B4C5D6E7F8A}.Release|x86.ActiveCfg = Release|Any CPU
		{D4E5F6A7-B8C9-7D8E-1F2A-3B4C5D6E7F8A}.Release|x86.Build.0 = Release|Any CPU
	EndGlobalSection
	GlobalSection(SolutionProperties) = preSolution
		HideSolutionNode = FALSE
	EndGlobalSection
	GlobalSection(NestedProjects) = preSolution
		{9BDC05A5-0E33-94D9-E824-B4934485FD09} = {CA69649D-3BB0-1114-5A3D-787EB7739301}
		{066A0AB7-D917-49F0-A257-30CB449BCB39} = {9BDC05A5-0E33-94D9-E824-B4934485FD09}
		{506A5B2D-C584-46AE-98C9-F9A11887DF4E} = {9BDC05A5-0E33-94D9-E824-B4934485FD09}
		{B2C3D4E5-F6A7-5B6C-9D0E-1F2A3B4C5D6E} = {A1B2C3D4-E5F6-4A5B-8C9D-0E1F2A3B4C5D}
		{C3D4E5F6-A7B8-6C7D-0E1F-2A3B4C5D6E7F} = {B2C3D4E5-F6A7-5B6C-9D0E-1F2A3B4C5D6E}
		{D4E5F6A7-B8C9-7D8E-1F2A-3B4C5D6E7F8A} = {B2C3D4E5-F6A7-5B6C-9D0E-1F2A3B4C5D6E}
	EndGlobalSection
	GlobalSection(ExtensibilityGlobals) = postSolution
		SolutionGuid = {F54B2A8A-1227-4026-96DF-8E4FDEC508B3}
	EndGlobalSection
EndGlobal
