
Microsoft Visual Studio Solution File, Format Version 12.00
# Visual Studio Version 17
VisualStudioVersion = 17.13.36105.23
MinimumVisualStudioVersion = 10.0.40219.1
Project("{2150E333-8FDC-42A3-9474-1A3956D46DE8}") = "1. Two Sum", "1. Two Sum", "{02EA681E-C7D8-13C7-8484-4AC65E1B71E8}"
EndProject
Project("{888888A0-9F3D-457C-B088-3A5042F75D52}") = "1. Two Sum (Python)", "1. Two Sum\py\1. Two Sum (Python).pyproj", "{83850E52-3E27-4504-93C7-76F53A419295}"
EndProject
Project("{2150E333-8FDC-42A3-9474-1A3956D46DE8}") = "88. Merge Sorted Array", "88. Merge Sorted Array", "{05602B7B-46E5-4338-90FB-3248FD9C39DD}"
EndProject
Project("{888888A0-9F3D-457C-B088-3A5042F75D52}") = "88. Merge Sorted Array (Python)", "88. Merge Sorted Array\py\88. Merge Sorted Array (Python).pyproj", "{741E5550-9FDD-4C93-B44E-1B1AFD5664E0}"
EndProject
Global
	GlobalSection(SolutionConfigurationPlatforms) = preSolution
		Debug|Any CPU = Debug|Any CPU
		Release|Any CPU = Release|Any CPU
	EndGlobalSection
	GlobalSection(ProjectConfigurationPlatforms) = postSolution
		{83850E52-3E27-4504-93C7-76F53A419295}.Debug|Any CPU.ActiveCfg = Debug|Any CPU
		{83850E52-3E27-4504-93C7-76F53A419295}.Release|Any CPU.ActiveCfg = Release|Any CPU
		{741E5550-9FDD-4C93-B44E-1B1AFD5664E0}.Debug|Any CPU.ActiveCfg = Debug|Any CPU
		{741E5550-9FDD-4C93-B44E-1B1AFD5664E0}.Release|Any CPU.ActiveCfg = Release|Any CPU
	EndGlobalSection
	GlobalSection(SolutionProperties) = preSolution
		HideSolutionNode = FALSE
	EndGlobalSection
	GlobalSection(NestedProjects) = preSolution
		{83850E52-3E27-4504-93C7-76F53A419295} = {02EA681E-C7D8-13C7-8484-4AC65E1B71E8}
		{741E5550-9FDD-4C93-B44E-1B1AFD5664E0} = {05602B7B-46E5-4338-90FB-3248FD9C39DD}
	EndGlobalSection
	GlobalSection(ExtensibilityGlobals) = postSolution
		SolutionGuid = {F54B2A8A-1227-4026-96DF-8E4FDEC508B3}
	EndGlobalSection
EndGlobal
