
Microsoft Visual Studio Solution File, Format Version 12.00
# Visual Studio Version 17
VisualStudioVersion = 17.13.36105.23
MinimumVisualStudioVersion = 10.0.40219.1
Project("{2150E333-8FDC-42A3-9474-1A3956D46DE8}") = "933. Number of Recent Calls", "933. Number of Recent Calls", "{CA69649D-3BB0-1114-5A3D-787EB7739301}"
EndProject
Project("{2150E333-8FDC-42A3-9474-1A3956D46DE8}") = "cs", "cs", "{9BDC05A5-0E33-94D9-E824-B4934485FD09}"
EndProject
Project("{FAE04EC0-301F-11D3-BF4B-00C04F79EFBC}") = "RecentCounter", "933. Number of Recent Calls\cs\RecentCounter\RecentCounter.csproj", "{066A0AB7-D917-49F0-A257-30CB449BCB39}"
EndProject
Project("{FAE04EC0-301F-11D3-BF4B-00C04F79EFBC}") = "RecentCounterTests", "933. Number of Recent Calls\cs\RecentCounterTests\RecentCounterTests.csproj", "{506A5B2D-C584-46AE-98C9-F9A11887DF4E}"
EndProject
Project("{2150E333-8FDC-42A3-9474-1A3956D46DE8}") = "338. Counting Bits", "338. Counting Bits", "{A1B2C3D4-E5F6-4A5B-8C9D-0E1F2A3B4C5D}"
EndProject
Project("{2150E333-8FDC-42A3-9474-1A3956D46DE8}") = "cs", "cs", "{B2C3D4E5-F6A7-5B6C-9D0E-1F2A3B4C5D6E}"
EndProject
Project("{FAE04EC0-301F-11D3-BF4B-00C04F79EFBC}") = "CountBits", "338. Counting Bits\cs\CountBits\CountBits.csproj", "{C3D4E5F6-A7B8-6C7D-0E1F-2A3B4C5D6E7F}"
EndProject
Project("{FAE04EC0-301F-11D3-BF4B-00C04F79EFBC}") = "CountBitsTests", "338. Counting Bits\cs\CountBitsTests\CountBitsTests.csproj", "{D4E5F6A7-B8C9-7D8E-1F2A-3B4C5D6E7F8A}"
EndProject
Project("{FAE04EC0-301F-11D3-BF4B-00C04F79EFBC}") = "Shared", "Shared\Shared.csproj", "{E5F6A7B8-C9D0-8E9F-2A3B-4C5D6E7F8A9B}"
EndProject
Project("{2150E333-8FDC-42A3-9474-1A3956D46DE8}") = "1137. N-th Tribonacci Number", "1137. N-th Tribonacci Number", "{1EE88FFC-ABED-1C65-D58A-B3DADDBD59C0}"
EndProject
Project("{2150E333-8FDC-42A3-9474-1A3956D46DE8}") = "cs", "cs", "{C1FCC8FB-EB6D-5890-07F8-53BB33DE6364}"
EndProject
Project("{FAE04EC0-301F-11D3-BF4B-00C04F79EFBC}") = "Tribonacci", "1137. N-th Tribonacci Number\cs\Tribonacci\Tribonacci.csproj", "{EFAC8B30-E385-4896-83B2-58D08C5EC4E1}"
EndProject
Project("{FAE04EC0-301F-11D3-BF4B-00C04F79EFBC}") = "TribonacciTests", "1137. N-th Tribonacci Number\cs\TribonacciTests\TribonacciTests.csproj", "{4C7F888D-0854-421D-8237-51D52BB55508}"
EndProject
Project("{2150E333-8FDC-42A3-9474-1A3956D46DE8}") = "746. Min Cost Climbing Stairs", "746. Min Cost Climbing Stairs", "{D952CB8A-5E87-2721-324E-CA2F8A0D4B08}"
EndProject
Project("{2150E333-8FDC-42A3-9474-1A3956D46DE8}") = "cs", "cs", "{379EB36C-D72C-DC83-ED00-0881696A202C}"
EndProject
Project("{FAE04EC0-301F-11D3-BF4B-00C04F79EFBC}") = "MinCostClimbingStairs", "746. Min Cost Climbing Stairs\cs\MinCostClimbingStairs\MinCostClimbingStairs.csproj", "{A7E3B042-3C8D-4E9E-B499-F2154A6223F1}"
EndProject
Project("{FAE04EC0-301F-11D3-BF4B-00C04F79EFBC}") = "MinCostClimbingStairsTests", "746. Min Cost Climbing Stairs\cs\MinCostClimbingStairsTests\MinCostClimbingStairsTests.csproj", "{5AE8EDC2-C6BA-441D-8352-970F7C827618}"
EndProject
Project("{2150E333-8FDC-42A3-9474-1A3956D46DE8}") = "374. Guess Number Higher or Lower", "374. Guess Number Higher or Lower", "{D1C25921-3AEC-287F-CF13-845098F149B1}"
EndProject
Project("{2150E333-8FDC-42A3-9474-1A3956D46DE8}") = "cs", "cs", "{78D16467-13FE-C5B2-0C1C-D607E664A162}"
EndProject
Project("{FAE04EC0-301F-11D3-BF4B-00C04F79EFBC}") = "GuessGame", "374. Guess Number Higher or Lower\cs\GuessGame\GuessGame.csproj", "{60E8B1DC-00DD-459A-A4C4-60571C007073}"
EndProject
Project("{FAE04EC0-301F-11D3-BF4B-00C04F79EFBC}") = "GuessGameTests", "374. Guess Number Higher or Lower\cs\GuessGameTests\GuessGameTests.csproj", "{5A347C4A-C0E0-4D1F-8470-4CFCB585DA84}"
EndProject
Project("{2150E333-8FDC-42A3-9474-1A3956D46DE8}") = "700. Search in a Binary Search Tree", "700. Search in a Binary Search Tree", "{7424C833-96BE-8DEB-C53C-8B3C6A7BD34B}"
EndProject
Project("{2150E333-8FDC-42A3-9474-1A3956D46DE8}") = "cs", "cs", "{DCDFA56A-CF36-4CEE-8650-A46C037165F6}"
EndProject
Project("{FAE04EC0-301F-11D3-BF4B-00C04F79EFBC}") = "SearchBST", "700. Search in a Binary Search Tree\cs\SearchBST\SearchBST.csproj", "{15A9B45B-4565-403B-A826-317763C0F23D}"
EndProject
Project("{FAE04EC0-301F-11D3-BF4B-00C04F79EFBC}") = "SearchBSTTests", "700. Search in a Binary Search Tree\cs\SearchBSTTests\SearchBSTTests.csproj", "{3F470091-86C9-4211-A9B9-2D579E293755}"
EndProject
Project("{2150E333-8FDC-42A3-9474-1A3956D46DE8}") = "58. Length of Last Word", "58. Length of Last Word", "{7DB3EB95-63A7-F8AC-2663-9C43D6B20036}"
EndProject
Project("{2150E333-8FDC-42A3-9474-1A3956D46DE8}") = "cs", "cs", "{ACBE5EB6-F665-6B3B-2A80-2B64EA150CB2}"
EndProject
Project("{FAE04EC0-301F-11D3-BF4B-00C04F79EFBC}") = "LengthOfLastWord", "58. Length of Last Word\cs\LengthOfLastWord\LengthOfLastWord.csproj", "{2A905A57-804D-4463-A685-D01D0C9DA2C9}"
EndProject
Project("{FAE04EC0-301F-11D3-BF4B-00C04F79EFBC}") = "LengthOfLastWordTests", "58. Length of Last Word\cs\LengthOfLastWordTests\LengthOfLastWordTests.csproj", "{EFFBB013-F22B-4BC0-B5DC-D6585AB9A351}"
EndProject
Project("{2150E333-8FDC-42A3-9474-1A3956D46DE8}") = "1. Two Sum", "1. Two Sum", "{51AA3FD2-80D8-8A64-0824-365A42633CCA}"
EndProject
Project("{2150E333-8FDC-42A3-9474-1A3956D46DE8}") = "cs", "cs", "{711272FC-16A1-A9C5-B2C4-DA43CF750088}"
EndProject
Project("{FAE04EC0-301F-11D3-BF4B-00C04F79EFBC}") = "TwoSum", "1. Two Sum\cs\TwoSum\TwoSum.csproj", "{62EDDD5B-FE5C-419B-B7E6-983E6D235B05}"
EndProject
Project("{FAE04EC0-301F-11D3-BF4B-00C04F79EFBC}") = "TwoSumTests", "1. Two Sum\cs\TwoSumTests\TwoSumTests.csproj", "{68483546-40BF-4712-B384-ABFA3CC8C77D}"
EndProject
Project("{2150E333-8FDC-42A3-9474-1A3956D46DE8}") = "2. Add Two Numbers", "2. Add Two Numbers", "{F898B266-EBEE-4328-8A63-97A6EF0F4535}"
EndProject
Project("{2150E333-8FDC-42A3-9474-1A3956D46DE8}") = "cs", "cs", "{A66C92A7-078F-BF6B-29A6-F7597C82DD6B}"
EndProject
Project("{FAE04EC0-301F-11D3-BF4B-00C04F79EFBC}") = "AddTwoNumbers", "2. Add Two Numbers\cs\AddTwoNumbers\AddTwoNumbers.csproj", "{BF35DAC5-F190-4578-A8C5-F835D761BAE5}"
EndProject
Project("{FAE04EC0-301F-11D3-BF4B-00C04F79EFBC}") = "AddTwoNumbersTests", "2. Add Two Numbers\cs\AddTwoNumbersTests\AddTwoNumbersTests.csproj", "{92246CEE-E013-4C93-88C4-D19E79913C20}"
EndProject
Project("{2150E333-8FDC-42A3-9474-1A3956D46DE8}") = "9. Palindrome Number", "9. Palindrome Number", "{2AAF5CE3-FFBA-2C5C-E9FA-7BD612152CCB}"
EndProject
Project("{2150E333-8FDC-42A3-9474-1A3956D46DE8}") = "cs", "cs", "{7F05C5BB-4258-E766-7B0F-60F670191458}"
EndProject
Project("{FAE04EC0-301F-11D3-BF4B-00C04F79EFBC}") = "IsPalindromeTests", "9. Palindrome Number\cs\IsPalindromeTests\IsPalindromeTests.csproj", "{82AC3AF6-5DCE-48BB-9303-426D4A8A8CBE}"
EndProject
Project("{FAE04EC0-301F-11D3-BF4B-00C04F79EFBC}") = "IsPalindrome", "9. Palindrome Number\cs\IsPalindrome\IsPalindrome.csproj", "{F2F852B8-301B-433A-A311-1A2FAF61EAE8}"
EndProject
Project("{2150E333-8FDC-42A3-9474-1A3956D46DE8}") = "3. Longest Substring Without Repeating Characters", "3. Longest Substring Without Repeating Characters", "{A3B4C5D6-E7F8-9A0B-1C2D-3E4F5A6B7C8D}"
EndProject
Project("{2150E333-8FDC-42A3-9474-1A3956D46DE8}") = "cs", "cs", "{B4C5D6E7-F8A9-0B1C-2D3E-4F5A6B7C8D9E}"
EndProject
Project("{FAE04EC0-301F-11D3-BF4B-00C04F79EFBC}") = "LengthOfLongestSubstring", "3. Longest Substring Without Repeating Characters\cs\LengthOfLongestSubstring\LengthOfLongestSubstring.csproj", "{C5D6E7F8-A9B0-1C2D-3E4F-5A6B7C8D9E0F}"
EndProject
Project("{FAE04EC0-301F-11D3-BF4B-00C04F79EFBC}") = "LengthOfLongestSubstringTests", "3. Longest Substring Without Repeating Characters\cs\LengthOfLongestSubstringTests\LengthOfLongestSubstringTests.csproj", "{D6E7F8A9-B0C1-2D3E-4F5A-6B7C8D9E0F1A}"
EndProject
Project("{2150E333-8FDC-42A3-9474-1A3956D46DE8}") = "13. Roman To Integer", "13. Roman To Integer", "{E7F8A9B0-C1D2-3E4F-5A6B-7C8D9E0F1A2B}"
EndProject
Project("{2150E333-8FDC-42A3-9474-1A3956D46DE8}") = "cs", "cs", "{F8A9B0C1-D2E3-4F5A-6B7C-8D9E0F1A2B3C}"
EndProject
Project("{FAE04EC0-301F-11D3-BF4B-00C04F79EFBC}") = "RomanToInt", "13. Roman To Integer\cs\RomanToInt\RomanToInt.csproj", "{A9B0C1D2-E3F4-5A6B-7C8D-9E0F1A2B3C4D}"
EndProject
Project("{FAE04EC0-301F-11D3-BF4B-00C04F79EFBC}") = "RomanToIntTests", "13. Roman To Integer\cs\RomanToIntTests\RomanToIntTests.csproj", "{B0C1D2E3-F4A5-6B7C-8D9E-0F1A2B3C4D5E}"
EndProject
Project("{2150E333-8FDC-42A3-9474-1A3956D46DE8}") = "14. Longest Common Prefix", "14. Longest Common Prefix", "{C1D2E3F4-5A6B-7C8D-9E0F-1A2B3C4D5E6F}"
EndProject
Project("{2150E333-8FDC-42A3-9474-1A3956D46DE8}") = "cs", "cs", "{D2E3F4A5-6B7C-8D9E-0F1A-2B3C4D5E6F7A}"
EndProject
Project("{FAE04EC0-301F-11D3-BF4B-00C04F79EFBC}") = "LongestCommonPrefix", "14. Longest Common Prefix\cs\LongestCommonPrefix\LongestCommonPrefix.csproj", "{E3F4A5B6-7C8D-9E0F-1A2B-3C4D5E6F7A8B}"
EndProject
Project("{FAE04EC0-301F-11D3-BF4B-00C04F79EFBC}") = "LongestCommonPrefixTests", "14. Longest Common Prefix\cs\LongestCommonPrefixTests\LongestCommonPrefixTests.csproj", "{F4A5B6C7-8D9E-0F1A-2B3C-4D5E6F7A8B9C}"
EndProject
Project("{2150E333-8FDC-42A3-9474-1A3956D46DE8}") = "20. Valid Parentheses", "20. Valid Parentheses", "{A5B6C7D8-E9F0-1A2B-3C4D-5E6F7A8B9C0D}"
EndProject
Project("{2150E333-8FDC-42A3-9474-1A3956D46DE8}") = "cs", "cs", "{B6C7D8E9-F0A1-2B3C-4D5E-6F7A8B9C0D1E}"
EndProject
Project("{FAE04EC0-301F-11D3-BF4B-00C04F79EFBC}") = "ValidParentheses", "20. Valid Parentheses\cs\ValidParentheses\ValidParentheses.csproj", "{C7D8E9F0-A1B2-3C4D-5E6F-7A8B9C0D1E2F}"
EndProject
Project("{FAE04EC0-301F-11D3-BF4B-00C04F79EFBC}") = "ValidParenthesesTests", "20. Valid Parentheses\cs\ValidParenthesesTests\ValidParenthesesTests.csproj", "{D8E9F0A1-B2C3-4D5E-6F7A-8B9C0D1E2F3A}"
EndProject
Project("{2150E333-8FDC-42A3-9474-1A3956D46DE8}") = "21. Merge Two Sorted Lists", "21. Merge Two Sorted Lists", "{C6EB4638-5148-97D5-C491-25C8D9A83030}"
EndProject
Project("{2150E333-8FDC-42A3-9474-1A3956D46DE8}") = "cs", "cs", "{96DE01FD-EAA5-7586-9853-7D1C4D75D48E}"
EndProject
Project("{FAE04EC0-301F-11D3-BF4B-00C04F79EFBC}") = "MergeTwoSortedLists", "21. Merge Two Sorted Lists\cs\MergeTwoSortedLists\MergeTwoSortedLists.csproj", "{8DB3C096-23D3-4128-99BA-44E22567D217}"
EndProject
Project("{FAE04EC0-301F-11D3-BF4B-00C04F79EFBC}") = "MergeTwoSortedListsTests", "21. Merge Two Sorted Lists\cs\MergeTwoSortedListsTests\MergeTwoSortedListsTests.csproj", "{DBF9F717-E5DE-453E-9D4F-7172A570593F}"
EndProject
Project("{FAE04EC0-301F-11D3-BF4B-00C04F79EFBC}") = "SharedTests", "Shared\SharedTests\SharedTests.csproj", "{4405AB65-34EF-4406-BB38-A99F2A36A9D4}"
EndProject
Project("{2150E333-8FDC-42A3-9474-1A3956D46DE8}") = "26. Remove Duplicates from Sorted Array", "26. Remove Duplicates from Sorted Array", "{EC261585-2DC9-5915-7564-D358528879E5}"
EndProject
Project("{2150E333-8FDC-42A3-9474-1A3956D46DE8}") = "cs", "cs", "{107F5076-17F2-5650-99E4-E09FE185F741}"
EndProject
Project("{FAE04EC0-301F-11D3-BF4B-00C04F79EFBC}") = "RemoveDuplicates", "26. Remove Duplicates from Sorted Array\cs\RemoveDuplicates\RemoveDuplicates.csproj", "{CD87D930-1C1B-4F9D-B280-99BC3919F531}"
EndProject
Project("{FAE04EC0-301F-11D3-BF4B-00C04F79EFBC}") = "RemoveDuplicatesTests", "26. Remove Duplicates from Sorted Array\cs\RemoveDuplicatesTests\RemoveDuplicatesTests.csproj", "{47745C28-ABF1-42F1-9F6B-2741B30AFC87}"
EndProject
Project("{2150E333-8FDC-42A3-9474-1A3956D46DE8}") = "Shared Folder", "Shared Folder", "{4F52FD11-658E-A102-6CD3-7D7C16FFA15B}"
EndProject
Project("{2150E333-8FDC-42A3-9474-1A3956D46DE8}") = "27. Remove Element", "27. Remove Element", "{C3F0AED4-41EA-27F6-97CD-5A5DF1998275}"
EndProject
Project("{2150E333-8FDC-42A3-9474-1A3956D46DE8}") = "cs", "cs", "{B7608EEC-DA50-C141-FF40-CD23AF00B6E7}"
EndProject
Project("{FAE04EC0-301F-11D3-BF4B-00C04F79EFBC}") = "RemoveElement", "27. Remove Element\cs\RemoveElement\RemoveElement.csproj", "{A60392D3-C7FB-46A7-95FC-3392C260A344}"
EndProject
Project("{FAE04EC0-301F-11D3-BF4B-00C04F79EFBC}") = "RemoveElementTests", "27. Remove Element\cs\RemoveElementTests\RemoveElementTests.csproj", "{E093CE4E-916A-4DB2-873C-647DFE6CFAB9}"
EndProject
Project("{2150E333-8FDC-42A3-9474-1A3956D46DE8}") = "28. Find the Index of the First Occurence of a String", "28. Find the Index of the First Occurence of a String", "{005A4924-2F3D-68D4-041C-4D3F89051DF9}"
EndProject
Project("{2150E333-8FDC-42A3-9474-1A3956D46DE8}") = "cs", "cs", "{98297433-175F-0B49-1E97-AC3D9CE9FF82}"
EndProject
Project("{FAE04EC0-301F-11D3-BF4B-00C04F79EFBC}") = "StrStr", "28. Find the Index of the First Occurence of a String\cs\StrStr\StrStr.csproj", "{BC3516D3-B199-496C-BBAC-5D8CA8AA8EF8}"
EndProject
Project("{FAE04EC0-301F-11D3-BF4B-00C04F79EFBC}") = "StrStrTests", "28. Find the Index of the First Occurence of a String\cs\StrStrTests\StrStrTests.csproj", "{FA29AF84-3239-4350-A964-574795DC1E83}"
EndProject
Project("{2150E333-8FDC-42A3-9474-1A3956D46DE8}") = "35. Search Insert Position", "35. Search Insert Position", "{B2812F00-B8D0-AAF4-7D00-7276FAE47029}"
EndProject
Project("{2150E333-8FDC-42A3-9474-1A3956D46DE8}") = "cs", "cs", "{9AECA1F8-D2B1-523E-89CF-A084C089658B}"
EndProject
Project("{FAE04EC0-301F-11D3-BF4B-00C04F79EFBC}") = "SearchInsert", "35. Search Insert Position\cs\SearchInsert\SearchInsert.csproj", "{DB5E08DF-291C-4DB2-A8AC-392860F168E9}"
EndProject
Project("{FAE04EC0-301F-11D3-BF4B-00C04F79EFBC}") = "SearchInsertTests", "35. Search Insert Position\cs\SearchInsertTests\SearchInsertTests.csproj", "{4625971C-E8CB-46AE-BC99-032533DB060E}"
EndProject
Project("{2150E333-8FDC-42A3-9474-1A3956D46DE8}") = "50. Pow(x, n)", "50. Pow(x, n)", "{06132AF4-3B9A-46C4-BA32-5995F8227CA4}"
EndProject
Project("{2150E333-8FDC-42A3-9474-1A3956D46DE8}") = "cs", "cs", "{F85452E4-9B7F-FFB4-E4D4-FB5AE5136E10}"
EndProject
Project("{FAE04EC0-301F-11D3-BF4B-00C04F79EFBC}") = "MyPow", "50. Pow(x, n)\cs\MyPow\MyPow.csproj", "{CCB41E00-C8CC-4D9E-A147-487917D58C04}"
EndProject
Project("{FAE04EC0-301F-11D3-BF4B-00C04F79EFBC}") = "MyPowTests", "50. Pow(x, n)\cs\MyPowTests\MyPowTests.csproj", "{68E58CBC-176D-4594-8AF5-9141FC07C0D5}"
EndProject
Project("{2150E333-8FDC-42A3-9474-1A3956D46DE8}") = "66. Plus One", "66. Plus One", "{EB12A867-FA6A-D6D6-D5EE-D3DE1DA544B9}"
EndProject
Project("{2150E333-8FDC-42A3-9474-1A3956D46DE8}") = "cs", "cs", "{2FFC7FAF-8383-949C-3EDB-437F03DA165C}"
EndProject
Project("{FAE04EC0-301F-11D3-BF4B-00C04F79EFBC}") = "PlusOne", "66. Plus One\cs\PlusOne\PlusOne.csproj", "{2ED0A48D-4E5C-41C0-8E77-5B7E2DC07EDB}"
EndProject
Project("{FAE04EC0-301F-11D3-BF4B-00C04F79EFBC}") = "PlusOneTests", "66. Plus One\cs\PlusOneTests\PlusOneTests.csproj", "{3D1029D4-8926-4E06-9E76-6E9B966052FD}"
EndProject
Project("{2150E333-8FDC-42A3-9474-1A3956D46DE8}") = "67. Add Binary", "67. Add Binary", "{0EF47ED5-BDFA-82F2-A890-5400624BC491}"
EndProject
Project("{2150E333-8FDC-42A3-9474-1A3956D46DE8}") = "cs", "cs", "{F9D8B357-4FBA-E9DA-58B4-89DD5D8A94FD}"
EndProject
Project("{FAE04EC0-301F-11D3-BF4B-00C04F79EFBC}") = "AddBinary", "67. Add Binary\cs\AddBinary\AddBinary.csproj", "{5C543CDC-F2B4-4809-8D6C-9A1999FE3F14}"
EndProject
Project("{FAE04EC0-301F-11D3-BF4B-00C04F79EFBC}") = "AddBinaryTests", "67. Add Binary\cs\AddBinaryTests\AddBinaryTests.csproj", "{3CDA9FC0-3A2E-4249-94AC-618283ADEC46}"
EndProject
Project("{2150E333-8FDC-42A3-9474-1A3956D46DE8}") = "69. Sqrt(x)", "69. Sqrt(x)", "{6EA204DC-50FA-AB21-9BC0-5AE16BB288CD}"
EndProject
Project("{2150E333-8FDC-42A3-9474-1A3956D46DE8}") = "cs", "cs", "{A8455994-6D1C-15D3-825D-61B05DD3D6DC}"
EndProject
Project("{FAE04EC0-301F-11D3-BF4B-00C04F79EFBC}") = "MySqrt", "69. Sqrt(x)\cs\MySqrt\MySqrt.csproj", "{A23C1545-452E-404E-B8D4-B57212A910D5}"
EndProject
Project("{FAE04EC0-301F-11D3-BF4B-00C04F79EFBC}") = "MySqrtTests", "69. Sqrt(x)\cs\MySqrtTests\MySqrtTests.csproj", "{D80BC723-87C1-4D8F-8533-3D6ED7E5003F}"
EndProject
Project("{2150E333-8FDC-42A3-9474-1A3956D46DE8}") = "70. Climbing Stairs", "70. Climbing Stairs", "{39BAFE91-53AF-F82B-CA58-90D5C635A4DD}"
EndProject
Project("{2150E333-8FDC-42A3-9474-1A3956D46DE8}") = "cs", "cs", "{A88774A3-51D0-DEC5-CEA1-D2D3FE4BF077}"
EndProject
Project("{FAE04EC0-301F-11D3-BF4B-00C04F79EFBC}") = "ClimbStairs", "70. Climbing Stairs\cs\ClimbStairs\ClimbStairs.csproj", "{4393B28A-57FE-4299-AECC-E12B9F7FB7AB}"
EndProject
Project("{FAE04EC0-301F-11D3-BF4B-00C04F79EFBC}") = "ClimbStairsTests", "70. Climbing Stairs\cs\ClimbStairsTests\ClimbStairsTests.csproj", "{62EBDAB1-32E7-40A1-A582-509A027D6C7C}"
EndProject
Project("{2150E333-8FDC-42A3-9474-1A3956D46DE8}") = "88. Merge Sorted Array", "88. Merge Sorted Array", "{D81FAB32-1ECE-01F3-C066-80294E12BA25}"
EndProject
Project("{2150E333-8FDC-42A3-9474-1A3956D46DE8}") = "cs", "cs", "{6FE3256A-6868-AA3C-7854-4C690AC3B2C3}"
EndProject
Project("{FAE04EC0-301F-11D3-BF4B-00C04F79EFBC}") = "MergeSortedArray", "88. Merge Sorted Array\cs\MergeSortedArray\MergeSortedArray.csproj", "{FB3E74A0-EDB8-4419-A705-D52ACCB2021D}"
EndProject
Project("{FAE04EC0-301F-11D3-BF4B-00C04F79EFBC}") = "MergeSortedArrayTests", "88. Merge Sorted Array\cs\MergeSortedArrayTests\MergeSortedArrayTests.csproj", "{A2B50F84-359B-4A88-BC83-3D9E0A64B26B}"
EndProject
Project("{2150E333-8FDC-42A3-9474-1A3956D46DE8}") = "94. Binary Tree Inorder Traversal", "94. Binary Tree Inorder Traversal", "{43E53D52-864C-8A9F-46F4-AD7E29F30F17}"
EndProject
Project("{2150E333-8FDC-42A3-9474-1A3956D46DE8}") = "cs", "cs", "{9B99171E-4360-1927-2D15-E14C48B8F5AA}"
EndProject
Project("{FAE04EC0-301F-11D3-BF4B-00C04F79EFBC}") = "InorderTraversal", "94. Binary Tree Inorder Traversal\cs\InorderTraversal\InorderTraversal.csproj", "{FF740EAD-1463-4A36-B7A2-F74BA489B404}"
EndProject
Project("{FAE04EC0-301F-11D3-BF4B-00C04F79EFBC}") = "InorderTraversalTests", "94. Binary Tree Inorder Traversal\cs\InorderTraversalTests\InorderTraversalTests.csproj", "{56D20193-8619-40D2-85A2-33CE7C8E32C8}"
EndProject
Project("{2150E333-8FDC-42A3-9474-1A3956D46DE8}") = "102. Binary Tree Level Order Traversal", "102. Binary Tree Level Order Traversal", "{36A059E6-C3E9-0F5C-AB84-9463BEDDB7A2}"
EndProject
Project("{2150E333-8FDC-42A3-9474-1A3956D46DE8}") = "cs", "cs", "{FF050C00-C525-B78B-83A3-EB740D7A77C6}"
EndProject
Project("{FAE04EC0-301F-11D3-BF4B-00C04F79EFBC}") = "LevelOrder", "102. Binary Tree Level Order Traversal\cs\LevelOrder\LevelOrder.csproj", "{0B3D3009-E22D-4F23-B82D-2024BCD8BBD6}"
EndProject
Project("{FAE04EC0-301F-11D3-BF4B-00C04F79EFBC}") = "LevelOrderTests", "102. Binary Tree Level Order Traversal\cs\LevelOrderTests\LevelOrderTests.csproj", "{46DDE2A2-6774-4144-A48A-7A4C7E22B6B9}"
EndProject
Project("{2150E333-8FDC-42A3-9474-1A3956D46DE8}") = "118. Pascal Triangle", "118. Pascal Triangle", "{C4B2E023-BA9C-ED82-F956-0108587E0C20}"
EndProject
Project("{2150E333-8FDC-42A3-9474-1A3956D46DE8}") = "cs", "cs", "{2A14BB28-9F5B-39C8-9B24-C4928AE0F501}"
EndProject
Project("{FAE04EC0-301F-11D3-BF4B-00C04F79EFBC}") = "PascalTriangle", "118. Pascal Triangle\cs\PascalTriangle\PascalTriangle.csproj", "{49BEB42B-CE45-4AA2-9B34-F4CCD9D8F7B9}"
EndProject
Project("{FAE04EC0-301F-11D3-BF4B-00C04F79EFBC}") = "PascalTriangleTests", "118. Pascal Triangle\cs\PascalTriangleTests\PascalTriangleTests.csproj", "{3A1AECF5-D124-4AA0-80BB-10BBBA747621}"
EndProject
Project("{2150E333-8FDC-42A3-9474-1A3956D46DE8}") = "121. Best Time to Buy and Sell Stock", "121. Best Time to Buy and Sell Stock", "{14BA34FA-E22F-C282-5F17-C4A8482D6302}"
EndProject
Project("{2150E333-8FDC-42A3-9474-1A3956D46DE8}") = "cs", "cs", "{96998999-3402-CFEC-9581-0EA3056E7803}"
EndProject
Project("{FAE04EC0-301F-11D3-BF4B-00C04F79EFBC}") = "MaxProfit", "121. Best Time to Buy and Sell Stock\cs\MaxProfit\MaxProfit.csproj", "{3FBA1009-4914-452C-BB4B-F80E86509519}"
EndProject
Project("{FAE04EC0-301F-11D3-BF4B-00C04F79EFBC}") = "MaxProfitTests", "121. Best Time to Buy and Sell Stock\cs\MaxProfitTests\MaxProfitTests.csproj", "{DBAE7180-AC41-4711-9E61-869083243E09}"
EndProject
Project("{2150E333-8FDC-42A3-9474-1A3956D46DE8}") = "125. Valid Palindrome", "125. Valid Palindrome", "{DC349E97-729F-7DD7-F1F3-58375EBB0AC3}"
EndProject
Project("{2150E333-8FDC-42A3-9474-1A3956D46DE8}") = "cs", "cs", "{3E669341-DAB0-0948-6F38-BD5D26EC1F5C}"
EndProject
Project("{FAE04EC0-301F-11D3-BF4B-00C04F79EFBC}") = "IsPalindrome", "125. Valid Palindrome\cs\IsPalindrome\IsPalindrome.csproj", "{E7B67537-83A5-4973-B60B-57195C81E422}"
EndProject
Project("{FAE04EC0-301F-11D3-BF4B-00C04F79EFBC}") = "IsPalindromeTests", "125. Valid Palindrome\cs\IsPalindromeTests\IsPalindromeTests.csproj", "{4C8FD154-C0D9-403D-8B6A-E9D3BC41FB15}"
EndProject
Project("{2150E333-8FDC-42A3-9474-1A3956D46DE8}") = "136. Unique Number", "136. Unique Number", "{C718E11E-22DE-F3CC-5F42-0143BF3678E1}"
EndProject
Project("{2150E333-8FDC-42A3-9474-1A3956D46DE8}") = "cs", "cs", "{09ED897C-28EE-1461-07BB-30D9D5F6D6DC}"
EndProject
Project("{FAE04EC0-301F-11D3-BF4B-00C04F79EFBC}") = "SingleNumber", "136. Unique Number\cs\SingleNumber\SingleNumber.csproj", "{441BFB97-52D1-4825-B65D-30CC62C6D786}"
EndProject
Project("{FAE04EC0-301F-11D3-BF4B-00C04F79EFBC}") = "SingleNumberTests", "136. Unique Number\cs\SingleNumberTests\SingleNumberTests.csproj", "{FF910E60-053F-4F30-87E3-417E89C96679}"
EndProject
Project("{2150E333-8FDC-42A3-9474-1A3956D46DE8}") = "167. Two Sum II - Input Array Is Sorted", "167. Two Sum II - Input Array Is Sorted", "{FD9BD3B9-181C-A033-3101-74FD45CEA599}"
EndProject
Project("{2150E333-8FDC-42A3-9474-1A3956D46DE8}") = "cs", "cs", "{F3AE3F74-103A-45F6-394A-6A32DA537CFB}"
EndProject
Project("{FAE04EC0-301F-11D3-BF4B-00C04F79EFBC}") = "TwoSum2", "167. Two Sum II - Input Array Is Sorted\cs\TwoSum2\TwoSum2.csproj", "{EA677462-B0C2-4DA4-A401-6C9CB13427BF}"
EndProject
Project("{FAE04EC0-301F-11D3-BF4B-00C04F79EFBC}") = "TwoSum2Tests", "167. Two Sum II - Input Array Is Sorted\cs\TwoSum2Tests\TwoSum2Tests.csproj", "{0C6EA479-673A-4216-A4BD-A412853CDEF0}"
EndProject
Project("{2150E333-8FDC-42A3-9474-1A3956D46DE8}") = "169. Majority Element", "169. Majority Element", "{D0D94E8A-26A8-DB43-3C88-5E2B0F8E393E}"
EndProject
Project("{2150E333-8FDC-42A3-9474-1A3956D46DE8}") = "cs", "cs", "{64B55E69-9E9C-6E65-5F3F-E20B97C56450}"
EndProject
Project("{FAE04EC0-301F-11D3-BF4B-00C04F79EFBC}") = "MajorityElement", "169. Majority Element\cs\MajorityElement\MajorityElement.csproj", "{891B075F-0B6C-41AA-B163-E7B5F39FB056}"
EndProject
Project("{FAE04EC0-301F-11D3-BF4B-00C04F79EFBC}") = "MajorityElementTests", "169. Majority Element\cs\MajorityElementTests\MajorityElementTests.csproj", "{0EE7B02C-7EA4-4A6B-816C-5C282F50D810}"
EndProject
Project("{2150E333-8FDC-42A3-9474-1A3956D46DE8}") = "202. Happy Number", "202. Happy Number", "{3BB3F944-223D-F1AA-81C3-B79BAB548B80}"
EndProject
Project("{2150E333-8FDC-42A3-9474-1A3956D46DE8}") = "cs", "cs", "{DADC7BA9-4DBD-9BB8-2F76-19D7B88131A2}"
EndProject
Project("{FAE04EC0-301F-11D3-BF4B-00C04F79EFBC}") = "IsHappy", "202. Happy Number\cs\IsHappy\IsHappy.csproj", "{5DB457A0-613A-4E1B-9CD1-78949FB35B1D}"
EndProject
Project("{FAE04EC0-301F-11D3-BF4B-00C04F79EFBC}") = "IsHappyTests", "202. Happy Number\cs\IsHappyTests\IsHappyTests.csproj", "{3C483C91-3355-4BA0-B1ED-D8C5DC7F184E}"
EndProject
Global
	GlobalSection(SolutionConfigurationPlatforms) = preSolution
		Debug|Any CPU = Debug|Any CPU
		Debug|x64 = Debug|x64
		Debug|x86 = Debug|x86
		Release|Any CPU = Release|Any CPU
		Release|x64 = Release|x64
		Release|x86 = Release|x86
	EndGlobalSection
	GlobalSection(ProjectConfigurationPlatforms) = postSolution
		{066A0AB7-D917-49F0-A257-30CB449BCB39}.Debug|Any CPU.ActiveCfg = Debug|Any CPU
		{066A0AB7-D917-49F0-A257-30CB449BCB39}.Debug|Any CPU.Build.0 = Debug|Any CPU
		{066A0AB7-D917-49F0-A257-30CB449BCB39}.Debug|x64.ActiveCfg = Debug|Any CPU
		{066A0AB7-D917-49F0-A257-30CB449BCB39}.Debug|x64.Build.0 = Debug|Any CPU
		{066A0AB7-D917-49F0-A257-30CB449BCB39}.Debug|x86.ActiveCfg = Debug|Any CPU
		{066A0AB7-D917-49F0-A257-30CB449BCB39}.Debug|x86.Build.0 = Debug|Any CPU
		{066A0AB7-D917-49F0-A257-30CB449BCB39}.Release|Any CPU.ActiveCfg = Release|Any CPU
		{066A0AB7-D917-49F0-A257-30CB449BCB39}.Release|Any CPU.Build.0 = Release|Any CPU
		{066A0AB7-D917-49F0-A257-30CB449BCB39}.Release|x64.ActiveCfg = Release|Any CPU
		{066A0AB7-D917-49F0-A257-30CB449BCB39}.Release|x64.Build.0 = Release|Any CPU
		{066A0AB7-D917-49F0-A257-30CB449BCB39}.Release|x86.ActiveCfg = Release|Any CPU
		{066A0AB7-D917-49F0-A257-30CB449BCB39}.Release|x86.Build.0 = Release|Any CPU
		{506A5B2D-C584-46AE-98C9-F9A11887DF4E}.Debug|Any CPU.ActiveCfg = Debug|Any CPU
		{506A5B2D-C584-46AE-98C9-F9A11887DF4E}.Debug|Any CPU.Build.0 = Debug|Any CPU
		{506A5B2D-C584-46AE-98C9-F9A11887DF4E}.Debug|x64.ActiveCfg = Debug|Any CPU
		{506A5B2D-C584-46AE-98C9-F9A11887DF4E}.Debug|x64.Build.0 = Debug|Any CPU
		{506A5B2D-C584-46AE-98C9-F9A11887DF4E}.Debug|x86.ActiveCfg = Debug|Any CPU
		{506A5B2D-C584-46AE-98C9-F9A11887DF4E}.Debug|x86.Build.0 = Debug|Any CPU
		{506A5B2D-C584-46AE-98C9-F9A11887DF4E}.Release|Any CPU.ActiveCfg = Release|Any CPU
		{506A5B2D-C584-46AE-98C9-F9A11887DF4E}.Release|Any CPU.Build.0 = Release|Any CPU
		{506A5B2D-C584-46AE-98C9-F9A11887DF4E}.Release|x64.ActiveCfg = Release|Any CPU
		{506A5B2D-C584-46AE-98C9-F9A11887DF4E}.Release|x64.Build.0 = Release|Any CPU
		{506A5B2D-C584-46AE-98C9-F9A11887DF4E}.Release|x86.ActiveCfg = Release|Any CPU
		{506A5B2D-C584-46AE-98C9-F9A11887DF4E}.Release|x86.Build.0 = Release|Any CPU
		{C3D4E5F6-A7B8-6C7D-0E1F-2A3B4C5D6E7F}.Debug|Any CPU.ActiveCfg = Debug|Any CPU
		{C3D4E5F6-A7B8-6C7D-0E1F-2A3B4C5D6E7F}.Debug|Any CPU.Build.0 = Debug|Any CPU
		{C3D4E5F6-A7B8-6C7D-0E1F-2A3B4C5D6E7F}.Debug|x64.ActiveCfg = Debug|Any CPU
		{C3D4E5F6-A7B8-6C7D-0E1F-2A3B4C5D6E7F}.Debug|x64.Build.0 = Debug|Any CPU
		{C3D4E5F6-A7B8-6C7D-0E1F-2A3B4C5D6E7F}.Debug|x86.ActiveCfg = Debug|Any CPU
		{C3D4E5F6-A7B8-6C7D-0E1F-2A3B4C5D6E7F}.Debug|x86.Build.0 = Debug|Any CPU
		{C3D4E5F6-A7B8-6C7D-0E1F-2A3B4C5D6E7F}.Release|Any CPU.ActiveCfg = Release|Any CPU
		{C3D4E5F6-A7B8-6C7D-0E1F-2A3B4C5D6E7F}.Release|Any CPU.Build.0 = Release|Any CPU
		{C3D4E5F6-A7B8-6C7D-0E1F-2A3B4C5D6E7F}.Release|x64.ActiveCfg = Release|Any CPU
		{C3D4E5F6-A7B8-6C7D-0E1F-2A3B4C5D6E7F}.Release|x64.Build.0 = Release|Any CPU
		{C3D4E5F6-A7B8-6C7D-0E1F-2A3B4C5D6E7F}.Release|x86.ActiveCfg = Release|Any CPU
		{C3D4E5F6-A7B8-6C7D-0E1F-2A3B4C5D6E7F}.Release|x86.Build.0 = Release|Any CPU
		{D4E5F6A7-B8C9-7D8E-1F2A-3B4C5D6E7F8A}.Debug|Any CPU.ActiveCfg = Debug|Any CPU
		{D4E5F6A7-B8C9-7D8E-1F2A-3B4C5D6E7F8A}.Debug|Any CPU.Build.0 = Debug|Any CPU
		{D4E5F6A7-B8C9-7D8E-1F2A-3B4C5D6E7F8A}.Debug|x64.ActiveCfg = Debug|Any CPU
		{D4E5F6A7-B8C9-7D8E-1F2A-3B4C5D6E7F8A}.Debug|x64.Build.0 = Debug|Any CPU
		{D4E5F6A7-B8C9-7D8E-1F2A-3B4C5D6E7F8A}.Debug|x86.ActiveCfg = Debug|Any CPU
		{D4E5F6A7-B8C9-7D8E-1F2A-3B4C5D6E7F8A}.Debug|x86.Build.0 = Debug|Any CPU
		{D4E5F6A7-B8C9-7D8E-1F2A-3B4C5D6E7F8A}.Release|Any CPU.ActiveCfg = Release|Any CPU
		{D4E5F6A7-B8C9-7D8E-1F2A-3B4C5D6E7F8A}.Release|Any CPU.Build.0 = Release|Any CPU
		{D4E5F6A7-B8C9-7D8E-1F2A-3B4C5D6E7F8A}.Release|x64.ActiveCfg = Release|Any CPU
		{D4E5F6A7-B8C9-7D8E-1F2A-3B4C5D6E7F8A}.Release|x64.Build.0 = Release|Any CPU
		{D4E5F6A7-B8C9-7D8E-1F2A-3B4C5D6E7F8A}.Release|x86.ActiveCfg = Release|Any CPU
		{D4E5F6A7-B8C9-7D8E-1F2A-3B4C5D6E7F8A}.Release|x86.Build.0 = Release|Any CPU
		{E5F6A7B8-C9D0-8E9F-2A3B-4C5D6E7F8A9B}.Debug|Any CPU.ActiveCfg = Debug|Any CPU
		{E5F6A7B8-C9D0-8E9F-2A3B-4C5D6E7F8A9B}.Debug|Any CPU.Build.0 = Debug|Any CPU
		{E5F6A7B8-C9D0-8E9F-2A3B-4C5D6E7F8A9B}.Debug|x64.ActiveCfg = Debug|Any CPU
		{E5F6A7B8-C9D0-8E9F-2A3B-4C5D6E7F8A9B}.Debug|x64.Build.0 = Debug|Any CPU
		{E5F6A7B8-C9D0-8E9F-2A3B-4C5D6E7F8A9B}.Debug|x86.ActiveCfg = Debug|Any CPU
		{E5F6A7B8-C9D0-8E9F-2A3B-4C5D6E7F8A9B}.Debug|x86.Build.0 = Debug|Any CPU
		{E5F6A7B8-C9D0-8E9F-2A3B-4C5D6E7F8A9B}.Release|Any CPU.ActiveCfg = Release|Any CPU
		{E5F6A7B8-C9D0-8E9F-2A3B-4C5D6E7F8A9B}.Release|Any CPU.Build.0 = Release|Any CPU
		{E5F6A7B8-C9D0-8E9F-2A3B-4C5D6E7F8A9B}.Release|x64.ActiveCfg = Release|Any CPU
		{E5F6A7B8-C9D0-8E9F-2A3B-4C5D6E7F8A9B}.Release|x64.Build.0 = Release|Any CPU
		{E5F6A7B8-C9D0-8E9F-2A3B-4C5D6E7F8A9B}.Release|x86.ActiveCfg = Release|Any CPU
		{E5F6A7B8-C9D0-8E9F-2A3B-4C5D6E7F8A9B}.Release|x86.Build.0 = Release|Any CPU
		{EFAC8B30-E385-4896-83B2-58D08C5EC4E1}.Debug|Any CPU.ActiveCfg = Debug|Any CPU
		{EFAC8B30-E385-4896-83B2-58D08C5EC4E1}.Debug|Any CPU.Build.0 = Debug|Any CPU
		{EFAC8B30-E385-4896-83B2-58D08C5EC4E1}.Debug|x64.ActiveCfg = Debug|Any CPU
		{EFAC8B30-E385-4896-83B2-58D08C5EC4E1}.Debug|x64.Build.0 = Debug|Any CPU
		{EFAC8B30-E385-4896-83B2-58D08C5EC4E1}.Debug|x86.ActiveCfg = Debug|Any CPU
		{EFAC8B30-E385-4896-83B2-58D08C5EC4E1}.Debug|x86.Build.0 = Debug|Any CPU
		{EFAC8B30-E385-4896-83B2-58D08C5EC4E1}.Release|Any CPU.ActiveCfg = Release|Any CPU
		{EFAC8B30-E385-4896-83B2-58D08C5EC4E1}.Release|Any CPU.Build.0 = Release|Any CPU
		{EFAC8B30-E385-4896-83B2-58D08C5EC4E1}.Release|x64.ActiveCfg = Release|Any CPU
		{EFAC8B30-E385-4896-83B2-58D08C5EC4E1}.Release|x64.Build.0 = Release|Any CPU
		{EFAC8B30-E385-4896-83B2-58D08C5EC4E1}.Release|x86.ActiveCfg = Release|Any CPU
		{EFAC8B30-E385-4896-83B2-58D08C5EC4E1}.Release|x86.Build.0 = Release|Any CPU
		{4C7F888D-0854-421D-8237-51D52BB55508}.Debug|Any CPU.ActiveCfg = Debug|Any CPU
		{4C7F888D-0854-421D-8237-51D52BB55508}.Debug|Any CPU.Build.0 = Debug|Any CPU
		{4C7F888D-0854-421D-8237-51D52BB55508}.Debug|x64.ActiveCfg = Debug|Any CPU
		{4C7F888D-0854-421D-8237-51D52BB55508}.Debug|x64.Build.0 = Debug|Any CPU
		{4C7F888D-0854-421D-8237-51D52BB55508}.Debug|x86.ActiveCfg = Debug|Any CPU
		{4C7F888D-0854-421D-8237-51D52BB55508}.Debug|x86.Build.0 = Debug|Any CPU
		{4C7F888D-0854-421D-8237-51D52BB55508}.Release|Any CPU.ActiveCfg = Release|Any CPU
		{4C7F888D-0854-421D-8237-51D52BB55508}.Release|Any CPU.Build.0 = Release|Any CPU
		{4C7F888D-0854-421D-8237-51D52BB55508}.Release|x64.ActiveCfg = Release|Any CPU
		{4C7F888D-0854-421D-8237-51D52BB55508}.Release|x64.Build.0 = Release|Any CPU
		{4C7F888D-0854-421D-8237-51D52BB55508}.Release|x86.ActiveCfg = Release|Any CPU
		{4C7F888D-0854-421D-8237-51D52BB55508}.Release|x86.Build.0 = Release|Any CPU
		{A7E3B042-3C8D-4E9E-B499-F2154A6223F1}.Debug|Any CPU.ActiveCfg = Debug|Any CPU
		{A7E3B042-3C8D-4E9E-B499-F2154A6223F1}.Debug|Any CPU.Build.0 = Debug|Any CPU
		{A7E3B042-3C8D-4E9E-B499-F2154A6223F1}.Debug|x64.ActiveCfg = Debug|Any CPU
		{A7E3B042-3C8D-4E9E-B499-F2154A6223F1}.Debug|x64.Build.0 = Debug|Any CPU
		{A7E3B042-3C8D-4E9E-B499-F2154A6223F1}.Debug|x86.ActiveCfg = Debug|Any CPU
		{A7E3B042-3C8D-4E9E-B499-F2154A6223F1}.Debug|x86.Build.0 = Debug|Any CPU
		{A7E3B042-3C8D-4E9E-B499-F2154A6223F1}.Release|Any CPU.ActiveCfg = Release|Any CPU
		{A7E3B042-3C8D-4E9E-B499-F2154A6223F1}.Release|Any CPU.Build.0 = Release|Any CPU
		{A7E3B042-3C8D-4E9E-B499-F2154A6223F1}.Release|x64.ActiveCfg = Release|Any CPU
		{A7E3B042-3C8D-4E9E-B499-F2154A6223F1}.Release|x64.Build.0 = Release|Any CPU
		{A7E3B042-3C8D-4E9E-B499-F2154A6223F1}.Release|x86.ActiveCfg = Release|Any CPU
		{A7E3B042-3C8D-4E9E-B499-F2154A6223F1}.Release|x86.Build.0 = Release|Any CPU
		{5AE8EDC2-C6BA-441D-8352-970F7C827618}.Debug|Any CPU.ActiveCfg = Debug|Any CPU
		{5AE8EDC2-C6BA-441D-8352-970F7C827618}.Debug|Any CPU.Build.0 = Debug|Any CPU
		{5AE8EDC2-C6BA-441D-8352-970F7C827618}.Debug|x64.ActiveCfg = Debug|Any CPU
		{5AE8EDC2-C6BA-441D-8352-970F7C827618}.Debug|x64.Build.0 = Debug|Any CPU
		{5AE8EDC2-C6BA-441D-8352-970F7C827618}.Debug|x86.ActiveCfg = Debug|Any CPU
		{5AE8EDC2-C6BA-441D-8352-970F7C827618}.Debug|x86.Build.0 = Debug|Any CPU
		{5AE8EDC2-C6BA-441D-8352-970F7C827618}.Release|Any CPU.ActiveCfg = Release|Any CPU
		{5AE8EDC2-C6BA-441D-8352-970F7C827618}.Release|Any CPU.Build.0 = Release|Any CPU
		{5AE8EDC2-C6BA-441D-8352-970F7C827618}.Release|x64.ActiveCfg = Release|Any CPU
		{5AE8EDC2-C6BA-441D-8352-970F7C827618}.Release|x64.Build.0 = Release|Any CPU
		{5AE8EDC2-C6BA-441D-8352-970F7C827618}.Release|x86.ActiveCfg = Release|Any CPU
		{5AE8EDC2-C6BA-441D-8352-970F7C827618}.Release|x86.Build.0 = Release|Any CPU
		{60E8B1DC-00DD-459A-A4C4-60571C007073}.Debug|Any CPU.ActiveCfg = Debug|Any CPU
		{60E8B1DC-00DD-459A-A4C4-60571C007073}.Debug|Any CPU.Build.0 = Debug|Any CPU
		{60E8B1DC-00DD-459A-A4C4-60571C007073}.Debug|x64.ActiveCfg = Debug|Any CPU
		{60E8B1DC-00DD-459A-A4C4-60571C007073}.Debug|x64.Build.0 = Debug|Any CPU
		{60E8B1DC-00DD-459A-A4C4-60571C007073}.Debug|x86.ActiveCfg = Debug|Any CPU
		{60E8B1DC-00DD-459A-A4C4-60571C007073}.Debug|x86.Build.0 = Debug|Any CPU
		{60E8B1DC-00DD-459A-A4C4-60571C007073}.Release|Any CPU.ActiveCfg = Release|Any CPU
		{60E8B1DC-00DD-459A-A4C4-60571C007073}.Release|Any CPU.Build.0 = Release|Any CPU
		{60E8B1DC-00DD-459A-A4C4-60571C007073}.Release|x64.ActiveCfg = Release|Any CPU
		{60E8B1DC-00DD-459A-A4C4-60571C007073}.Release|x64.Build.0 = Release|Any CPU
		{60E8B1DC-00DD-459A-A4C4-60571C007073}.Release|x86.ActiveCfg = Release|Any CPU
		{60E8B1DC-00DD-459A-A4C4-60571C007073}.Release|x86.Build.0 = Release|Any CPU
		{5A347C4A-C0E0-4D1F-8470-4CFCB585DA84}.Debug|Any CPU.ActiveCfg = Debug|Any CPU
		{5A347C4A-C0E0-4D1F-8470-4CFCB585DA84}.Debug|Any CPU.Build.0 = Debug|Any CPU
		{5A347C4A-C0E0-4D1F-8470-4CFCB585DA84}.Debug|x64.ActiveCfg = Debug|Any CPU
		{5A347C4A-C0E0-4D1F-8470-4CFCB585DA84}.Debug|x64.Build.0 = Debug|Any CPU
		{5A347C4A-C0E0-4D1F-8470-4CFCB585DA84}.Debug|x86.ActiveCfg = Debug|Any CPU
		{5A347C4A-C0E0-4D1F-8470-4CFCB585DA84}.Debug|x86.Build.0 = Debug|Any CPU
		{5A347C4A-C0E0-4D1F-8470-4CFCB585DA84}.Release|Any CPU.ActiveCfg = Release|Any CPU
		{5A347C4A-C0E0-4D1F-8470-4CFCB585DA84}.Release|Any CPU.Build.0 = Release|Any CPU
		{5A347C4A-C0E0-4D1F-8470-4CFCB585DA84}.Release|x64.ActiveCfg = Release|Any CPU
		{5A347C4A-C0E0-4D1F-8470-4CFCB585DA84}.Release|x64.Build.0 = Release|Any CPU
		{5A347C4A-C0E0-4D1F-8470-4CFCB585DA84}.Release|x86.ActiveCfg = Release|Any CPU
		{5A347C4A-C0E0-4D1F-8470-4CFCB585DA84}.Release|x86.Build.0 = Release|Any CPU
		{15A9B45B-4565-403B-A826-317763C0F23D}.Debug|Any CPU.ActiveCfg = Debug|Any CPU
		{15A9B45B-4565-403B-A826-317763C0F23D}.Debug|Any CPU.Build.0 = Debug|Any CPU
		{15A9B45B-4565-403B-A826-317763C0F23D}.Debug|x64.ActiveCfg = Debug|Any CPU
		{15A9B45B-4565-403B-A826-317763C0F23D}.Debug|x64.Build.0 = Debug|Any CPU
		{15A9B45B-4565-403B-A826-317763C0F23D}.Debug|x86.ActiveCfg = Debug|Any CPU
		{15A9B45B-4565-403B-A826-317763C0F23D}.Debug|x86.Build.0 = Debug|Any CPU
		{15A9B45B-4565-403B-A826-317763C0F23D}.Release|Any CPU.ActiveCfg = Release|Any CPU
		{15A9B45B-4565-403B-A826-317763C0F23D}.Release|Any CPU.Build.0 = Release|Any CPU
		{15A9B45B-4565-403B-A826-317763C0F23D}.Release|x64.ActiveCfg = Release|Any CPU
		{15A9B45B-4565-403B-A826-317763C0F23D}.Release|x64.Build.0 = Release|Any CPU
		{15A9B45B-4565-403B-A826-317763C0F23D}.Release|x86.ActiveCfg = Release|Any CPU
		{15A9B45B-4565-403B-A826-317763C0F23D}.Release|x86.Build.0 = Release|Any CPU
		{3F470091-86C9-4211-A9B9-2D579E293755}.Debug|Any CPU.ActiveCfg = Debug|Any CPU
		{3F470091-86C9-4211-A9B9-2D579E293755}.Debug|Any CPU.Build.0 = Debug|Any CPU
		{3F470091-86C9-4211-A9B9-2D579E293755}.Debug|x64.ActiveCfg = Debug|Any CPU
		{3F470091-86C9-4211-A9B9-2D579E293755}.Debug|x64.Build.0 = Debug|Any CPU
		{3F470091-86C9-4211-A9B9-2D579E293755}.Debug|x86.ActiveCfg = Debug|Any CPU
		{3F470091-86C9-4211-A9B9-2D579E293755}.Debug|x86.Build.0 = Debug|Any CPU
		{3F470091-86C9-4211-A9B9-2D579E293755}.Release|Any CPU.ActiveCfg = Release|Any CPU
		{3F470091-86C9-4211-A9B9-2D579E293755}.Release|Any CPU.Build.0 = Release|Any CPU
		{3F470091-86C9-4211-A9B9-2D579E293755}.Release|x64.ActiveCfg = Release|Any CPU
		{3F470091-86C9-4211-A9B9-2D579E293755}.Release|x64.Build.0 = Release|Any CPU
		{3F470091-86C9-4211-A9B9-2D579E293755}.Release|x86.ActiveCfg = Release|Any CPU
		{3F470091-86C9-4211-A9B9-2D579E293755}.Release|x86.Build.0 = Release|Any CPU
		{2A905A57-804D-4463-A685-D01D0C9DA2C9}.Debug|Any CPU.ActiveCfg = Debug|Any CPU
		{2A905A57-804D-4463-A685-D01D0C9DA2C9}.Debug|Any CPU.Build.0 = Debug|Any CPU
		{2A905A57-804D-4463-A685-D01D0C9DA2C9}.Debug|x64.ActiveCfg = Debug|Any CPU
		{2A905A57-804D-4463-A685-D01D0C9DA2C9}.Debug|x64.Build.0 = Debug|Any CPU
		{2A905A57-804D-4463-A685-D01D0C9DA2C9}.Debug|x86.ActiveCfg = Debug|Any CPU
		{2A905A57-804D-4463-A685-D01D0C9DA2C9}.Debug|x86.Build.0 = Debug|Any CPU
		{2A905A57-804D-4463-A685-D01D0C9DA2C9}.Release|Any CPU.ActiveCfg = Release|Any CPU
		{2A905A57-804D-4463-A685-D01D0C9DA2C9}.Release|Any CPU.Build.0 = Release|Any CPU
		{2A905A57-804D-4463-A685-D01D0C9DA2C9}.Release|x64.ActiveCfg = Release|Any CPU
		{2A905A57-804D-4463-A685-D01D0C9DA2C9}.Release|x64.Build.0 = Release|Any CPU
		{2A905A57-804D-4463-A685-D01D0C9DA2C9}.Release|x86.ActiveCfg = Release|Any CPU
		{2A905A57-804D-4463-A685-D01D0C9DA2C9}.Release|x86.Build.0 = Release|Any CPU
		{EFFBB013-F22B-4BC0-B5DC-D6585AB9A351}.Debug|Any CPU.ActiveCfg = Debug|Any CPU
		{EFFBB013-F22B-4BC0-B5DC-D6585AB9A351}.Debug|Any CPU.Build.0 = Debug|Any CPU
		{EFFBB013-F22B-4BC0-B5DC-D6585AB9A351}.Debug|x64.ActiveCfg = Debug|Any CPU
		{EFFBB013-F22B-4BC0-B5DC-D6585AB9A351}.Debug|x64.Build.0 = Debug|Any CPU
		{EFFBB013-F22B-4BC0-B5DC-D6585AB9A351}.Debug|x86.ActiveCfg = Debug|Any CPU
		{EFFBB013-F22B-4BC0-B5DC-D6585AB9A351}.Debug|x86.Build.0 = Debug|Any CPU
		{EFFBB013-F22B-4BC0-B5DC-D6585AB9A351}.Release|Any CPU.ActiveCfg = Release|Any CPU
		{EFFBB013-F22B-4BC0-B5DC-D6585AB9A351}.Release|Any CPU.Build.0 = Release|Any CPU
		{EFFBB013-F22B-4BC0-B5DC-D6585AB9A351}.Release|x64.ActiveCfg = Release|Any CPU
		{EFFBB013-F22B-4BC0-B5DC-D6585AB9A351}.Release|x64.Build.0 = Release|Any CPU
		{EFFBB013-F22B-4BC0-B5DC-D6585AB9A351}.Release|x86.ActiveCfg = Release|Any CPU
		{EFFBB013-F22B-4BC0-B5DC-D6585AB9A351}.Release|x86.Build.0 = Release|Any CPU
		{62EDDD5B-FE5C-419B-B7E6-983E6D235B05}.Debug|Any CPU.ActiveCfg = Debug|Any CPU
		{62EDDD5B-FE5C-419B-B7E6-983E6D235B05}.Debug|Any CPU.Build.0 = Debug|Any CPU
		{62EDDD5B-FE5C-419B-B7E6-983E6D235B05}.Debug|x64.ActiveCfg = Debug|Any CPU
		{62EDDD5B-FE5C-419B-B7E6-983E6D235B05}.Debug|x64.Build.0 = Debug|Any CPU
		{62EDDD5B-FE5C-419B-B7E6-983E6D235B05}.Debug|x86.ActiveCfg = Debug|Any CPU
		{62EDDD5B-FE5C-419B-B7E6-983E6D235B05}.Debug|x86.Build.0 = Debug|Any CPU
		{62EDDD5B-FE5C-419B-B7E6-983E6D235B05}.Release|Any CPU.ActiveCfg = Release|Any CPU
		{62EDDD5B-FE5C-419B-B7E6-983E6D235B05}.Release|Any CPU.Build.0 = Release|Any CPU
		{62EDDD5B-FE5C-419B-B7E6-983E6D235B05}.Release|x64.ActiveCfg = Release|Any CPU
		{62EDDD5B-FE5C-419B-B7E6-983E6D235B05}.Release|x64.Build.0 = Release|Any CPU
		{62EDDD5B-FE5C-419B-B7E6-983E6D235B05}.Release|x86.ActiveCfg = Release|Any CPU
		{62EDDD5B-FE5C-419B-B7E6-983E6D235B05}.Release|x86.Build.0 = Release|Any CPU
		{68483546-40BF-4712-B384-ABFA3CC8C77D}.Debug|Any CPU.ActiveCfg = Debug|Any CPU
		{68483546-40BF-4712-B384-ABFA3CC8C77D}.Debug|Any CPU.Build.0 = Debug|Any CPU
		{68483546-40BF-4712-B384-ABFA3CC8C77D}.Debug|x64.ActiveCfg = Debug|Any CPU
		{68483546-40BF-4712-B384-ABFA3CC8C77D}.Debug|x64.Build.0 = Debug|Any CPU
		{68483546-40BF-4712-B384-ABFA3CC8C77D}.Debug|x86.ActiveCfg = Debug|Any CPU
		{68483546-40BF-4712-B384-ABFA3CC8C77D}.Debug|x86.Build.0 = Debug|Any CPU
		{68483546-40BF-4712-B384-ABFA3CC8C77D}.Release|Any CPU.ActiveCfg = Release|Any CPU
		{68483546-40BF-4712-B384-ABFA3CC8C77D}.Release|Any CPU.Build.0 = Release|Any CPU
		{68483546-40BF-4712-B384-ABFA3CC8C77D}.Release|x64.ActiveCfg = Release|Any CPU
		{68483546-40BF-4712-B384-ABFA3CC8C77D}.Release|x64.Build.0 = Release|Any CPU
		{68483546-40BF-4712-B384-ABFA3CC8C77D}.Release|x86.ActiveCfg = Release|Any CPU
		{68483546-40BF-4712-B384-ABFA3CC8C77D}.Release|x86.Build.0 = Release|Any CPU
		{BF35DAC5-F190-4578-A8C5-F835D761BAE5}.Debug|Any CPU.ActiveCfg = Debug|Any CPU
		{BF35DAC5-F190-4578-A8C5-F835D761BAE5}.Debug|Any CPU.Build.0 = Debug|Any CPU
		{BF35DAC5-F190-4578-A8C5-F835D761BAE5}.Debug|x64.ActiveCfg = Debug|Any CPU
		{BF35DAC5-F190-4578-A8C5-F835D761BAE5}.Debug|x64.Build.0 = Debug|Any CPU
		{BF35DAC5-F190-4578-A8C5-F835D761BAE5}.Debug|x86.ActiveCfg = Debug|Any CPU
		{BF35DAC5-F190-4578-A8C5-F835D761BAE5}.Debug|x86.Build.0 = Debug|Any CPU
		{BF35DAC5-F190-4578-A8C5-F835D761BAE5}.Release|Any CPU.ActiveCfg = Release|Any CPU
		{BF35DAC5-F190-4578-A8C5-F835D761BAE5}.Release|Any CPU.Build.0 = Release|Any CPU
		{BF35DAC5-F190-4578-A8C5-F835D761BAE5}.Release|x64.ActiveCfg = Release|Any CPU
		{BF35DAC5-F190-4578-A8C5-F835D761BAE5}.Release|x64.Build.0 = Release|Any CPU
		{BF35DAC5-F190-4578-A8C5-F835D761BAE5}.Release|x86.ActiveCfg = Release|Any CPU
		{BF35DAC5-F190-4578-A8C5-F835D761BAE5}.Release|x86.Build.0 = Release|Any CPU
		{92246CEE-E013-4C93-88C4-D19E79913C20}.Debug|Any CPU.ActiveCfg = Debug|Any CPU
		{92246CEE-E013-4C93-88C4-D19E79913C20}.Debug|Any CPU.Build.0 = Debug|Any CPU
		{92246CEE-E013-4C93-88C4-D19E79913C20}.Debug|x64.ActiveCfg = Debug|Any CPU
		{92246CEE-E013-4C93-88C4-D19E79913C20}.Debug|x64.Build.0 = Debug|Any CPU
		{92246CEE-E013-4C93-88C4-D19E79913C20}.Debug|x86.ActiveCfg = Debug|Any CPU
		{92246CEE-E013-4C93-88C4-D19E79913C20}.Debug|x86.Build.0 = Debug|Any CPU
		{92246CEE-E013-4C93-88C4-D19E79913C20}.Release|Any CPU.ActiveCfg = Release|Any CPU
		{92246CEE-E013-4C93-88C4-D19E79913C20}.Release|Any CPU.Build.0 = Release|Any CPU
		{92246CEE-E013-4C93-88C4-D19E79913C20}.Release|x64.ActiveCfg = Release|Any CPU
		{92246CEE-E013-4C93-88C4-D19E79913C20}.Release|x64.Build.0 = Release|Any CPU
		{92246CEE-E013-4C93-88C4-D19E79913C20}.Release|x86.ActiveCfg = Release|Any CPU
		{92246CEE-E013-4C93-88C4-D19E79913C20}.Release|x86.Build.0 = Release|Any CPU
		{82AC3AF6-5DCE-48BB-9303-426D4A8A8CBE}.Debug|Any CPU.ActiveCfg = Debug|Any CPU
		{82AC3AF6-5DCE-48BB-9303-426D4A8A8CBE}.Debug|Any CPU.Build.0 = Debug|Any CPU
		{82AC3AF6-5DCE-48BB-9303-426D4A8A8CBE}.Debug|x64.ActiveCfg = Debug|Any CPU
		{82AC3AF6-5DCE-48BB-9303-426D4A8A8CBE}.Debug|x64.Build.0 = Debug|Any CPU
		{82AC3AF6-5DCE-48BB-9303-426D4A8A8CBE}.Debug|x86.ActiveCfg = Debug|Any CPU
		{82AC3AF6-5DCE-48BB-9303-426D4A8A8CBE}.Debug|x86.Build.0 = Debug|Any CPU
		{82AC3AF6-5DCE-48BB-9303-426D4A8A8CBE}.Release|Any CPU.ActiveCfg = Release|Any CPU
		{82AC3AF6-5DCE-48BB-9303-426D4A8A8CBE}.Release|Any CPU.Build.0 = Release|Any CPU
		{82AC3AF6-5DCE-48BB-9303-426D4A8A8CBE}.Release|x64.ActiveCfg = Release|Any CPU
		{82AC3AF6-5DCE-48BB-9303-426D4A8A8CBE}.Release|x64.Build.0 = Release|Any CPU
		{82AC3AF6-5DCE-48BB-9303-426D4A8A8CBE}.Release|x86.ActiveCfg = Release|Any CPU
		{82AC3AF6-5DCE-48BB-9303-426D4A8A8CBE}.Release|x86.Build.0 = Release|Any CPU
		{F2F852B8-301B-433A-A311-1A2FAF61EAE8}.Debug|Any CPU.ActiveCfg = Debug|Any CPU
		{F2F852B8-301B-433A-A311-1A2FAF61EAE8}.Debug|Any CPU.Build.0 = Debug|Any CPU
		{F2F852B8-301B-433A-A311-1A2FAF61EAE8}.Debug|x64.ActiveCfg = Debug|Any CPU
		{F2F852B8-301B-433A-A311-1A2FAF61EAE8}.Debug|x64.Build.0 = Debug|Any CPU
		{F2F852B8-301B-433A-A311-1A2FAF61EAE8}.Debug|x86.ActiveCfg = Debug|Any CPU
		{F2F852B8-301B-433A-A311-1A2FAF61EAE8}.Debug|x86.Build.0 = Debug|Any CPU
		{F2F852B8-301B-433A-A311-1A2FAF61EAE8}.Release|Any CPU.ActiveCfg = Release|Any CPU
		{F2F852B8-301B-433A-A311-1A2FAF61EAE8}.Release|Any CPU.Build.0 = Release|Any CPU
		{F2F852B8-301B-433A-A311-1A2FAF61EAE8}.Release|x64.ActiveCfg = Release|Any CPU
		{F2F852B8-301B-433A-A311-1A2FAF61EAE8}.Release|x64.Build.0 = Release|Any CPU
		{F2F852B8-301B-433A-A311-1A2FAF61EAE8}.Release|x86.ActiveCfg = Release|Any CPU
		{F2F852B8-301B-433A-A311-1A2FAF61EAE8}.Release|x86.Build.0 = Release|Any CPU
		{C5D6E7F8-A9B0-1C2D-3E4F-5A6B7C8D9E0F}.Debug|Any CPU.ActiveCfg = Debug|Any CPU
		{C5D6E7F8-A9B0-1C2D-3E4F-5A6B7C8D9E0F}.Debug|Any CPU.Build.0 = Debug|Any CPU
		{C5D6E7F8-A9B0-1C2D-3E4F-5A6B7C8D9E0F}.Debug|x64.ActiveCfg = Debug|Any CPU
		{C5D6E7F8-A9B0-1C2D-3E4F-5A6B7C8D9E0F}.Debug|x64.Build.0 = Debug|Any CPU
		{C5D6E7F8-A9B0-1C2D-3E4F-5A6B7C8D9E0F}.Debug|x86.ActiveCfg = Debug|Any CPU
		{C5D6E7F8-A9B0-1C2D-3E4F-5A6B7C8D9E0F}.Debug|x86.Build.0 = Debug|Any CPU
		{C5D6E7F8-A9B0-1C2D-3E4F-5A6B7C8D9E0F}.Release|Any CPU.ActiveCfg = Release|Any CPU
		{C5D6E7F8-A9B0-1C2D-3E4F-5A6B7C8D9E0F}.Release|Any CPU.Build.0 = Release|Any CPU
		{C5D6E7F8-A9B0-1C2D-3E4F-5A6B7C8D9E0F}.Release|x64.ActiveCfg = Release|Any CPU
		{C5D6E7F8-A9B0-1C2D-3E4F-5A6B7C8D9E0F}.Release|x64.Build.0 = Release|Any CPU
		{C5D6E7F8-A9B0-1C2D-3E4F-5A6B7C8D9E0F}.Release|x86.ActiveCfg = Release|Any CPU
		{C5D6E7F8-A9B0-1C2D-3E4F-5A6B7C8D9E0F}.Release|x86.Build.0 = Release|Any CPU
		{D6E7F8A9-B0C1-2D3E-4F5A-6B7C8D9E0F1A}.Debug|Any CPU.ActiveCfg = Debug|Any CPU
		{D6E7F8A9-B0C1-2D3E-4F5A-6B7C8D9E0F1A}.Debug|Any CPU.Build.0 = Debug|Any CPU
		{D6E7F8A9-B0C1-2D3E-4F5A-6B7C8D9E0F1A}.Debug|x64.ActiveCfg = Debug|Any CPU
		{D6E7F8A9-B0C1-2D3E-4F5A-6B7C8D9E0F1A}.Debug|x64.Build.0 = Debug|Any CPU
		{D6E7F8A9-B0C1-2D3E-4F5A-6B7C8D9E0F1A}.Debug|x86.ActiveCfg = Debug|Any CPU
		{D6E7F8A9-B0C1-2D3E-4F5A-6B7C8D9E0F1A}.Debug|x86.Build.0 = Debug|Any CPU
		{D6E7F8A9-B0C1-2D3E-4F5A-6B7C8D9E0F1A}.Release|Any CPU.ActiveCfg = Release|Any CPU
		{D6E7F8A9-B0C1-2D3E-4F5A-6B7C8D9E0F1A}.Release|Any CPU.Build.0 = Release|Any CPU
		{D6E7F8A9-B0C1-2D3E-4F5A-6B7C8D9E0F1A}.Release|x64.ActiveCfg = Release|Any CPU
		{D6E7F8A9-B0C1-2D3E-4F5A-6B7C8D9E0F1A}.Release|x64.Build.0 = Release|Any CPU
		{D6E7F8A9-B0C1-2D3E-4F5A-6B7C8D9E0F1A}.Release|x86.ActiveCfg = Release|Any CPU
		{D6E7F8A9-B0C1-2D3E-4F5A-6B7C8D9E0F1A}.Release|x86.Build.0 = Release|Any CPU
		{A9B0C1D2-E3F4-5A6B-7C8D-9E0F1A2B3C4D}.Debug|Any CPU.ActiveCfg = Debug|Any CPU
		{A9B0C1D2-E3F4-5A6B-7C8D-9E0F1A2B3C4D}.Debug|Any CPU.Build.0 = Debug|Any CPU
		{A9B0C1D2-E3F4-5A6B-7C8D-9E0F1A2B3C4D}.Debug|x64.ActiveCfg = Debug|Any CPU
		{A9B0C1D2-E3F4-5A6B-7C8D-9E0F1A2B3C4D}.Debug|x64.Build.0 = Debug|Any CPU
		{A9B0C1D2-E3F4-5A6B-7C8D-9E0F1A2B3C4D}.Debug|x86.ActiveCfg = Debug|Any CPU
		{A9B0C1D2-E3F4-5A6B-7C8D-9E0F1A2B3C4D}.Debug|x86.Build.0 = Debug|Any CPU
		{A9B0C1D2-E3F4-5A6B-7C8D-9E0F1A2B3C4D}.Release|Any CPU.ActiveCfg = Release|Any CPU
		{A9B0C1D2-E3F4-5A6B-7C8D-9E0F1A2B3C4D}.Release|Any CPU.Build.0 = Release|Any CPU
		{A9B0C1D2-E3F4-5A6B-7C8D-9E0F1A2B3C4D}.Release|x64.ActiveCfg = Release|Any CPU
		{A9B0C1D2-E3F4-5A6B-7C8D-9E0F1A2B3C4D}.Release|x64.Build.0 = Release|Any CPU
		{A9B0C1D2-E3F4-5A6B-7C8D-9E0F1A2B3C4D}.Release|x86.ActiveCfg = Release|Any CPU
		{A9B0C1D2-E3F4-5A6B-7C8D-9E0F1A2B3C4D}.Release|x86.Build.0 = Release|Any CPU
		{B0C1D2E3-F4A5-6B7C-8D9E-0F1A2B3C4D5E}.Debug|Any CPU.ActiveCfg = Debug|Any CPU
		{B0C1D2E3-F4A5-6B7C-8D9E-0F1A2B3C4D5E}.Debug|Any CPU.Build.0 = Debug|Any CPU
		{B0C1D2E3-F4A5-6B7C-8D9E-0F1A2B3C4D5E}.Debug|x64.ActiveCfg = Debug|Any CPU
		{B0C1D2E3-F4A5-6B7C-8D9E-0F1A2B3C4D5E}.Debug|x64.Build.0 = Debug|Any CPU
		{B0C1D2E3-F4A5-6B7C-8D9E-0F1A2B3C4D5E}.Debug|x86.ActiveCfg = Debug|Any CPU
		{B0C1D2E3-F4A5-6B7C-8D9E-0F1A2B3C4D5E}.Debug|x86.Build.0 = Debug|Any CPU
		{B0C1D2E3-F4A5-6B7C-8D9E-0F1A2B3C4D5E}.Release|Any CPU.ActiveCfg = Release|Any CPU
		{B0C1D2E3-F4A5-6B7C-8D9E-0F1A2B3C4D5E}.Release|Any CPU.Build.0 = Release|Any CPU
		{B0C1D2E3-F4A5-6B7C-8D9E-0F1A2B3C4D5E}.Release|x64.ActiveCfg = Release|Any CPU
		{B0C1D2E3-F4A5-6B7C-8D9E-0F1A2B3C4D5E}.Release|x64.Build.0 = Release|Any CPU
		{B0C1D2E3-F4A5-6B7C-8D9E-0F1A2B3C4D5E}.Release|x86.ActiveCfg = Release|Any CPU
		{B0C1D2E3-F4A5-6B7C-8D9E-0F1A2B3C4D5E}.Release|x86.Build.0 = Release|Any CPU
		{E3F4A5B6-7C8D-9E0F-1A2B-3C4D5E6F7A8B}.Debug|Any CPU.ActiveCfg = Debug|Any CPU
		{E3F4A5B6-7C8D-9E0F-1A2B-3C4D5E6F7A8B}.Debug|Any CPU.Build.0 = Debug|Any CPU
		{E3F4A5B6-7C8D-9E0F-1A2B-3C4D5E6F7A8B}.Debug|x64.ActiveCfg = Debug|Any CPU
		{E3F4A5B6-7C8D-9E0F-1A2B-3C4D5E6F7A8B}.Debug|x64.Build.0 = Debug|Any CPU
		{E3F4A5B6-7C8D-9E0F-1A2B-3C4D5E6F7A8B}.Debug|x86.ActiveCfg = Debug|Any CPU
		{E3F4A5B6-7C8D-9E0F-1A2B-3C4D5E6F7A8B}.Debug|x86.Build.0 = Debug|Any CPU
		{E3F4A5B6-7C8D-9E0F-1A2B-3C4D5E6F7A8B}.Release|Any CPU.ActiveCfg = Release|Any CPU
		{E3F4A5B6-7C8D-9E0F-1A2B-3C4D5E6F7A8B}.Release|Any CPU.Build.0 = Release|Any CPU
		{E3F4A5B6-7C8D-9E0F-1A2B-3C4D5E6F7A8B}.Release|x64.ActiveCfg = Release|Any CPU
		{E3F4A5B6-7C8D-9E0F-1A2B-3C4D5E6F7A8B}.Release|x64.Build.0 = Release|Any CPU
		{E3F4A5B6-7C8D-9E0F-1A2B-3C4D5E6F7A8B}.Release|x86.ActiveCfg = Release|Any CPU
		{E3F4A5B6-7C8D-9E0F-1A2B-3C4D5E6F7A8B}.Release|x86.Build.0 = Release|Any CPU
		{F4A5B6C7-8D9E-0F1A-2B3C-4D5E6F7A8B9C}.Debug|Any CPU.ActiveCfg = Debug|Any CPU
		{F4A5B6C7-8D9E-0F1A-2B3C-4D5E6F7A8B9C}.Debug|Any CPU.Build.0 = Debug|Any CPU
		{F4A5B6C7-8D9E-0F1A-2B3C-4D5E6F7A8B9C}.Debug|x64.ActiveCfg = Debug|Any CPU
		{F4A5B6C7-8D9E-0F1A-2B3C-4D5E6F7A8B9C}.Debug|x64.Build.0 = Debug|Any CPU
		{F4A5B6C7-8D9E-0F1A-2B3C-4D5E6F7A8B9C}.Debug|x86.ActiveCfg = Debug|Any CPU
		{F4A5B6C7-8D9E-0F1A-2B3C-4D5E6F7A8B9C}.Debug|x86.Build.0 = Debug|Any CPU
		{F4A5B6C7-8D9E-0F1A-2B3C-4D5E6F7A8B9C}.Release|Any CPU.ActiveCfg = Release|Any CPU
		{F4A5B6C7-8D9E-0F1A-2B3C-4D5E6F7A8B9C}.Release|Any CPU.Build.0 = Release|Any CPU
		{F4A5B6C7-8D9E-0F1A-2B3C-4D5E6F7A8B9C}.Release|x64.ActiveCfg = Release|Any CPU
		{F4A5B6C7-8D9E-0F1A-2B3C-4D5E6F7A8B9C}.Release|x64.Build.0 = Release|Any CPU
		{F4A5B6C7-8D9E-0F1A-2B3C-4D5E6F7A8B9C}.Release|x86.ActiveCfg = Release|Any CPU
		{F4A5B6C7-8D9E-0F1A-2B3C-4D5E6F7A8B9C}.Release|x86.Build.0 = Release|Any CPU
		{C7D8E9F0-A1B2-3C4D-5E6F-7A8B9C0D1E2F}.Debug|Any CPU.ActiveCfg = Debug|Any CPU
		{C7D8E9F0-A1B2-3C4D-5E6F-7A8B9C0D1E2F}.Debug|Any CPU.Build.0 = Debug|Any CPU
		{C7D8E9F0-A1B2-3C4D-5E6F-7A8B9C0D1E2F}.Debug|x64.ActiveCfg = Debug|Any CPU
		{C7D8E9F0-A1B2-3C4D-5E6F-7A8B9C0D1E2F}.Debug|x64.Build.0 = Debug|Any CPU
		{C7D8E9F0-A1B2-3C4D-5E6F-7A8B9C0D1E2F}.Debug|x86.ActiveCfg = Debug|Any CPU
		{C7D8E9F0-A1B2-3C4D-5E6F-7A8B9C0D1E2F}.Debug|x86.Build.0 = Debug|Any CPU
		{C7D8E9F0-A1B2-3C4D-5E6F-7A8B9C0D1E2F}.Release|Any CPU.ActiveCfg = Release|Any CPU
		{C7D8E9F0-A1B2-3C4D-5E6F-7A8B9C0D1E2F}.Release|Any CPU.Build.0 = Release|Any CPU
		{C7D8E9F0-A1B2-3C4D-5E6F-7A8B9C0D1E2F}.Release|x64.ActiveCfg = Release|Any CPU
		{C7D8E9F0-A1B2-3C4D-5E6F-7A8B9C0D1E2F}.Release|x64.Build.0 = Release|Any CPU
		{C7D8E9F0-A1B2-3C4D-5E6F-7A8B9C0D1E2F}.Release|x86.ActiveCfg = Release|Any CPU
		{C7D8E9F0-A1B2-3C4D-5E6F-7A8B9C0D1E2F}.Release|x86.Build.0 = Release|Any CPU
		{D8E9F0A1-B2C3-4D5E-6F7A-8B9C0D1E2F3A}.Debug|Any CPU.ActiveCfg = Debug|Any CPU
		{D8E9F0A1-B2C3-4D5E-6F7A-8B9C0D1E2F3A}.Debug|Any CPU.Build.0 = Debug|Any CPU
		{D8E9F0A1-B2C3-4D5E-6F7A-8B9C0D1E2F3A}.Debug|x64.ActiveCfg = Debug|Any CPU
		{D8E9F0A1-B2C3-4D5E-6F7A-8B9C0D1E2F3A}.Debug|x64.Build.0 = Debug|Any CPU
		{D8E9F0A1-B2C3-4D5E-6F7A-8B9C0D1E2F3A}.Debug|x86.ActiveCfg = Debug|Any CPU
		{D8E9F0A1-B2C3-4D5E-6F7A-8B9C0D1E2F3A}.Debug|x86.Build.0 = Debug|Any CPU
		{D8E9F0A1-B2C3-4D5E-6F7A-8B9C0D1E2F3A}.Release|Any CPU.ActiveCfg = Release|Any CPU
		{D8E9F0A1-B2C3-4D5E-6F7A-8B9C0D1E2F3A}.Release|Any CPU.Build.0 = Release|Any CPU
		{D8E9F0A1-B2C3-4D5E-6F7A-8B9C0D1E2F3A}.Release|x64.ActiveCfg = Release|Any CPU
		{D8E9F0A1-B2C3-4D5E-6F7A-8B9C0D1E2F3A}.Release|x64.Build.0 = Release|Any CPU
		{D8E9F0A1-B2C3-4D5E-6F7A-8B9C0D1E2F3A}.Release|x86.ActiveCfg = Release|Any CPU
		{D8E9F0A1-B2C3-4D5E-6F7A-8B9C0D1E2F3A}.Release|x86.Build.0 = Release|Any CPU
		{8DB3C096-23D3-4128-99BA-44E22567D217}.Debug|Any CPU.ActiveCfg = Debug|Any CPU
		{8DB3C096-23D3-4128-99BA-44E22567D217}.Debug|Any CPU.Build.0 = Debug|Any CPU
		{8DB3C096-23D3-4128-99BA-44E22567D217}.Debug|x64.ActiveCfg = Debug|Any CPU
		{8DB3C096-23D3-4128-99BA-44E22567D217}.Debug|x64.Build.0 = Debug|Any CPU
		{8DB3C096-23D3-4128-99BA-44E22567D217}.Debug|x86.ActiveCfg = Debug|Any CPU
		{8DB3C096-23D3-4128-99BA-44E22567D217}.Debug|x86.Build.0 = Debug|Any CPU
		{8DB3C096-23D3-4128-99BA-44E22567D217}.Release|Any CPU.ActiveCfg = Release|Any CPU
		{8DB3C096-23D3-4128-99BA-44E22567D217}.Release|Any CPU.Build.0 = Release|Any CPU
		{8DB3C096-23D3-4128-99BA-44E22567D217}.Release|x64.ActiveCfg = Release|Any CPU
		{8DB3C096-23D3-4128-99BA-44E22567D217}.Release|x64.Build.0 = Release|Any CPU
		{8DB3C096-23D3-4128-99BA-44E22567D217}.Release|x86.ActiveCfg = Release|Any CPU
		{8DB3C096-23D3-4128-99BA-44E22567D217}.Release|x86.Build.0 = Release|Any CPU
		{DBF9F717-E5DE-453E-9D4F-7172A570593F}.Debug|Any CPU.ActiveCfg = Debug|Any CPU
		{DBF9F717-E5DE-453E-9D4F-7172A570593F}.Debug|Any CPU.Build.0 = Debug|Any CPU
		{DBF9F717-E5DE-453E-9D4F-7172A570593F}.Debug|x64.ActiveCfg = Debug|Any CPU
		{DBF9F717-E5DE-453E-9D4F-7172A570593F}.Debug|x64.Build.0 = Debug|Any CPU
		{DBF9F717-E5DE-453E-9D4F-7172A570593F}.Debug|x86.ActiveCfg = Debug|Any CPU
		{DBF9F717-E5DE-453E-9D4F-7172A570593F}.Debug|x86.Build.0 = Debug|Any CPU
		{DBF9F717-E5DE-453E-9D4F-7172A570593F}.Release|Any CPU.ActiveCfg = Release|Any CPU
		{DBF9F717-E5DE-453E-9D4F-7172A570593F}.Release|Any CPU.Build.0 = Release|Any CPU
		{DBF9F717-E5DE-453E-9D4F-7172A570593F}.Release|x64.ActiveCfg = Release|Any CPU
		{DBF9F717-E5DE-453E-9D4F-7172A570593F}.Release|x64.Build.0 = Release|Any CPU
		{DBF9F717-E5DE-453E-9D4F-7172A570593F}.Release|x86.ActiveCfg = Release|Any CPU
		{DBF9F717-E5DE-453E-9D4F-7172A570593F}.Release|x86.Build.0 = Release|Any CPU
		{4405AB65-34EF-4406-BB38-A99F2A36A9D4}.Debug|Any CPU.ActiveCfg = Debug|Any CPU
		{4405AB65-34EF-4406-BB38-A99F2A36A9D4}.Debug|Any CPU.Build.0 = Debug|Any CPU
		{4405AB65-34EF-4406-BB38-A99F2A36A9D4}.Debug|x64.ActiveCfg = Debug|Any CPU
		{4405AB65-34EF-4406-BB38-A99F2A36A9D4}.Debug|x64.Build.0 = Debug|Any CPU
		{4405AB65-34EF-4406-BB38-A99F2A36A9D4}.Debug|x86.ActiveCfg = Debug|Any CPU
		{4405AB65-34EF-4406-BB38-A99F2A36A9D4}.Debug|x86.Build.0 = Debug|Any CPU
		{4405AB65-34EF-4406-BB38-A99F2A36A9D4}.Release|Any CPU.ActiveCfg = Release|Any CPU
		{4405AB65-34EF-4406-BB38-A99F2A36A9D4}.Release|Any CPU.Build.0 = Release|Any CPU
		{4405AB65-34EF-4406-BB38-A99F2A36A9D4}.Release|x64.ActiveCfg = Release|Any CPU
		{4405AB65-34EF-4406-BB38-A99F2A36A9D4}.Release|x64.Build.0 = Release|Any CPU
		{4405AB65-34EF-4406-BB38-A99F2A36A9D4}.Release|x86.ActiveCfg = Release|Any CPU
		{4405AB65-34EF-4406-BB38-A99F2A36A9D4}.Release|x86.Build.0 = Release|Any CPU
		{CD87D930-1C1B-4F9D-B280-99BC3919F531}.Debug|Any CPU.ActiveCfg = Debug|Any CPU
		{CD87D930-1C1B-4F9D-B280-99BC3919F531}.Debug|Any CPU.Build.0 = Debug|Any CPU
		{CD87D930-1C1B-4F9D-B280-99BC3919F531}.Debug|x64.ActiveCfg = Debug|Any CPU
		{CD87D930-1C1B-4F9D-B280-99BC3919F531}.Debug|x64.Build.0 = Debug|Any CPU
		{CD87D930-1C1B-4F9D-B280-99BC3919F531}.Debug|x86.ActiveCfg = Debug|Any CPU
		{CD87D930-1C1B-4F9D-B280-99BC3919F531}.Debug|x86.Build.0 = Debug|Any CPU
		{CD87D930-1C1B-4F9D-B280-99BC3919F531}.Release|Any CPU.ActiveCfg = Release|Any CPU
		{CD87D930-1C1B-4F9D-B280-99BC3919F531}.Release|Any CPU.Build.0 = Release|Any CPU
		{CD87D930-1C1B-4F9D-B280-99BC3919F531}.Release|x64.ActiveCfg = Release|Any CPU
		{CD87D930-1C1B-4F9D-B280-99BC3919F531}.Release|x64.Build.0 = Release|Any CPU
		{CD87D930-1C1B-4F9D-B280-99BC3919F531}.Release|x86.ActiveCfg = Release|Any CPU
		{CD87D930-1C1B-4F9D-B280-99BC3919F531}.Release|x86.Build.0 = Release|Any CPU
		{47745C28-ABF1-42F1-9F6B-2741B30AFC87}.Debug|Any CPU.ActiveCfg = Debug|Any CPU
		{47745C28-ABF1-42F1-9F6B-2741B30AFC87}.Debug|Any CPU.Build.0 = Debug|Any CPU
		{47745C28-ABF1-42F1-9F6B-2741B30AFC87}.Debug|x64.ActiveCfg = Debug|Any CPU
		{47745C28-ABF1-42F1-9F6B-2741B30AFC87}.Debug|x64.Build.0 = Debug|Any CPU
		{47745C28-ABF1-42F1-9F6B-2741B30AFC87}.Debug|x86.ActiveCfg = Debug|Any CPU
		{47745C28-ABF1-42F1-9F6B-2741B30AFC87}.Debug|x86.Build.0 = Debug|Any CPU
		{47745C28-ABF1-42F1-9F6B-2741B30AFC87}.Release|Any CPU.ActiveCfg = Release|Any CPU
		{47745C28-ABF1-42F1-9F6B-2741B30AFC87}.Release|Any CPU.Build.0 = Release|Any CPU
		{47745C28-ABF1-42F1-9F6B-2741B30AFC87}.Release|x64.ActiveCfg = Release|Any CPU
		{47745C28-ABF1-42F1-9F6B-2741B30AFC87}.Release|x64.Build.0 = Release|Any CPU
		{47745C28-ABF1-42F1-9F6B-2741B30AFC87}.Release|x86.ActiveCfg = Release|Any CPU
		{47745C28-ABF1-42F1-9F6B-2741B30AFC87}.Release|x86.Build.0 = Release|Any CPU
		{A60392D3-C7FB-46A7-95FC-3392C260A344}.Debug|Any CPU.ActiveCfg = Debug|Any CPU
		{A60392D3-C7FB-46A7-95FC-3392C260A344}.Debug|Any CPU.Build.0 = Debug|Any CPU
		{A60392D3-C7FB-46A7-95FC-3392C260A344}.Debug|x64.ActiveCfg = Debug|Any CPU
		{A60392D3-C7FB-46A7-95FC-3392C260A344}.Debug|x64.Build.0 = Debug|Any CPU
		{A60392D3-C7FB-46A7-95FC-3392C260A344}.Debug|x86.ActiveCfg = Debug|Any CPU
		{A60392D3-C7FB-46A7-95FC-3392C260A344}.Debug|x86.Build.0 = Debug|Any CPU
		{A60392D3-C7FB-46A7-95FC-3392C260A344}.Release|Any CPU.ActiveCfg = Release|Any CPU
		{A60392D3-C7FB-46A7-95FC-3392C260A344}.Release|Any CPU.Build.0 = Release|Any CPU
		{A60392D3-C7FB-46A7-95FC-3392C260A344}.Release|x64.ActiveCfg = Release|Any CPU
		{A60392D3-C7FB-46A7-95FC-3392C260A344}.Release|x64.Build.0 = Release|Any CPU
		{A60392D3-C7FB-46A7-95FC-3392C260A344}.Release|x86.ActiveCfg = Release|Any CPU
		{A60392D3-C7FB-46A7-95FC-3392C260A344}.Release|x86.Build.0 = Release|Any CPU
		{E093CE4E-916A-4DB2-873C-647DFE6CFAB9}.Debug|Any CPU.ActiveCfg = Debug|Any CPU
		{E093CE4E-916A-4DB2-873C-647DFE6CFAB9}.Debug|Any CPU.Build.0 = Debug|Any CPU
		{E093CE4E-916A-4DB2-873C-647DFE6CFAB9}.Debug|x64.ActiveCfg = Debug|Any CPU
		{E093CE4E-916A-4DB2-873C-647DFE6CFAB9}.Debug|x64.Build.0 = Debug|Any CPU
		{E093CE4E-916A-4DB2-873C-647DFE6CFAB9}.Debug|x86.ActiveCfg = Debug|Any CPU
		{E093CE4E-916A-4DB2-873C-647DFE6CFAB9}.Debug|x86.Build.0 = Debug|Any CPU
		{E093CE4E-916A-4DB2-873C-647DFE6CFAB9}.Release|Any CPU.ActiveCfg = Release|Any CPU
		{E093CE4E-916A-4DB2-873C-647DFE6CFAB9}.Release|Any CPU.Build.0 = Release|Any CPU
		{E093CE4E-916A-4DB2-873C-647DFE6CFAB9}.Release|x64.ActiveCfg = Release|Any CPU
		{E093CE4E-916A-4DB2-873C-647DFE6CFAB9}.Release|x64.Build.0 = Release|Any CPU
		{E093CE4E-916A-4DB2-873C-647DFE6CFAB9}.Release|x86.ActiveCfg = Release|Any CPU
		{E093CE4E-916A-4DB2-873C-647DFE6CFAB9}.Release|x86.Build.0 = Release|Any CPU
		{BC3516D3-B199-496C-BBAC-5D8CA8AA8EF8}.Debug|Any CPU.ActiveCfg = Debug|Any CPU
		{BC3516D3-B199-496C-BBAC-5D8CA8AA8EF8}.Debug|Any CPU.Build.0 = Debug|Any CPU
		{BC3516D3-B199-496C-BBAC-5D8CA8AA8EF8}.Debug|x64.ActiveCfg = Debug|Any CPU
		{BC3516D3-B199-496C-BBAC-5D8CA8AA8EF8}.Debug|x64.Build.0 = Debug|Any CPU
		{BC3516D3-B199-496C-BBAC-5D8CA8AA8EF8}.Debug|x86.ActiveCfg = Debug|Any CPU
		{BC3516D3-B199-496C-BBAC-5D8CA8AA8EF8}.Debug|x86.Build.0 = Debug|Any CPU
		{BC3516D3-B199-496C-BBAC-5D8CA8AA8EF8}.Release|Any CPU.ActiveCfg = Release|Any CPU
		{BC3516D3-B199-496C-BBAC-5D8CA8AA8EF8}.Release|Any CPU.Build.0 = Release|Any CPU
		{BC3516D3-B199-496C-BBAC-5D8CA8AA8EF8}.Release|x64.ActiveCfg = Release|Any CPU
		{BC3516D3-B199-496C-BBAC-5D8CA8AA8EF8}.Release|x64.Build.0 = Release|Any CPU
		{BC3516D3-B199-496C-BBAC-5D8CA8AA8EF8}.Release|x86.ActiveCfg = Release|Any CPU
		{BC3516D3-B199-496C-BBAC-5D8CA8AA8EF8}.Release|x86.Build.0 = Release|Any CPU
		{FA29AF84-3239-4350-A964-574795DC1E83}.Debug|Any CPU.ActiveCfg = Debug|Any CPU
		{FA29AF84-3239-4350-A964-574795DC1E83}.Debug|Any CPU.Build.0 = Debug|Any CPU
		{FA29AF84-3239-4350-A964-574795DC1E83}.Debug|x64.ActiveCfg = Debug|Any CPU
		{FA29AF84-3239-4350-A964-574795DC1E83}.Debug|x64.Build.0 = Debug|Any CPU
		{FA29AF84-3239-4350-A964-574795DC1E83}.Debug|x86.ActiveCfg = Debug|Any CPU
		{FA29AF84-3239-4350-A964-574795DC1E83}.Debug|x86.Build.0 = Debug|Any CPU
		{FA29AF84-3239-4350-A964-574795DC1E83}.Release|Any CPU.ActiveCfg = Release|Any CPU
		{FA29AF84-3239-4350-A964-574795DC1E83}.Release|Any CPU.Build.0 = Release|Any CPU
		{FA29AF84-3239-4350-A964-574795DC1E83}.Release|x64.ActiveCfg = Release|Any CPU
		{FA29AF84-3239-4350-A964-574795DC1E83}.Release|x64.Build.0 = Release|Any CPU
		{FA29AF84-3239-4350-A964-574795DC1E83}.Release|x86.ActiveCfg = Release|Any CPU
		{FA29AF84-3239-4350-A964-574795DC1E83}.Release|x86.Build.0 = Release|Any CPU
		{DB5E08DF-291C-4DB2-A8AC-392860F168E9}.Debug|Any CPU.ActiveCfg = Debug|Any CPU
		{DB5E08DF-291C-4DB2-A8AC-392860F168E9}.Debug|Any CPU.Build.0 = Debug|Any CPU
		{DB5E08DF-291C-4DB2-A8AC-392860F168E9}.Debug|x64.ActiveCfg = Debug|Any CPU
		{DB5E08DF-291C-4DB2-A8AC-392860F168E9}.Debug|x64.Build.0 = Debug|Any CPU
		{DB5E08DF-291C-4DB2-A8AC-392860F168E9}.Debug|x86.ActiveCfg = Debug|Any CPU
		{DB5E08DF-291C-4DB2-A8AC-392860F168E9}.Debug|x86.Build.0 = Debug|Any CPU
		{DB5E08DF-291C-4DB2-A8AC-392860F168E9}.Release|Any CPU.ActiveCfg = Release|Any CPU
		{DB5E08DF-291C-4DB2-A8AC-392860F168E9}.Release|Any CPU.Build.0 = Release|Any CPU
		{DB5E08DF-291C-4DB2-A8AC-392860F168E9}.Release|x64.ActiveCfg = Release|Any CPU
		{DB5E08DF-291C-4DB2-A8AC-392860F168E9}.Release|x64.Build.0 = Release|Any CPU
		{DB5E08DF-291C-4DB2-A8AC-392860F168E9}.Release|x86.ActiveCfg = Release|Any CPU
		{DB5E08DF-291C-4DB2-A8AC-392860F168E9}.Release|x86.Build.0 = Release|Any CPU
		{4625971C-E8CB-46AE-BC99-032533DB060E}.Debug|Any CPU.ActiveCfg = Debug|Any CPU
		{4625971C-E8CB-46AE-BC99-032533DB060E}.Debug|Any CPU.Build.0 = Debug|Any CPU
		{4625971C-E8CB-46AE-BC99-032533DB060E}.Debug|x64.ActiveCfg = Debug|Any CPU
		{4625971C-E8CB-46AE-BC99-032533DB060E}.Debug|x64.Build.0 = Debug|Any CPU
		{4625971C-E8CB-46AE-BC99-032533DB060E}.Debug|x86.ActiveCfg = Debug|Any CPU
		{4625971C-E8CB-46AE-BC99-032533DB060E}.Debug|x86.Build.0 = Debug|Any CPU
		{4625971C-E8CB-46AE-BC99-032533DB060E}.Release|Any CPU.ActiveCfg = Release|Any CPU
		{4625971C-E8CB-46AE-BC99-032533DB060E}.Release|Any CPU.Build.0 = Release|Any CPU
		{4625971C-E8CB-46AE-BC99-032533DB060E}.Release|x64.ActiveCfg = Release|Any CPU
		{4625971C-E8CB-46AE-BC99-032533DB060E}.Release|x64.Build.0 = Release|Any CPU
		{4625971C-E8CB-46AE-BC99-032533DB060E}.Release|x86.ActiveCfg = Release|Any CPU
		{4625971C-E8CB-46AE-BC99-032533DB060E}.Release|x86.Build.0 = Release|Any CPU
		{CCB41E00-C8CC-4D9E-A147-487917D58C04}.Debug|Any CPU.ActiveCfg = Debug|Any CPU
		{CCB41E00-C8CC-4D9E-A147-487917D58C04}.Debug|Any CPU.Build.0 = Debug|Any CPU
		{CCB41E00-C8CC-4D9E-A147-487917D58C04}.Debug|x64.ActiveCfg = Debug|Any CPU
		{CCB41E00-C8CC-4D9E-A147-487917D58C04}.Debug|x64.Build.0 = Debug|Any CPU
		{CCB41E00-C8CC-4D9E-A147-487917D58C04}.Debug|x86.ActiveCfg = Debug|Any CPU
		{CCB41E00-C8CC-4D9E-A147-487917D58C04}.Debug|x86.Build.0 = Debug|Any CPU
		{CCB41E00-C8CC-4D9E-A147-487917D58C04}.Release|Any CPU.ActiveCfg = Release|Any CPU
		{CCB41E00-C8CC-4D9E-A147-487917D58C04}.Release|Any CPU.Build.0 = Release|Any CPU
		{CCB41E00-C8CC-4D9E-A147-487917D58C04}.Release|x64.ActiveCfg = Release|Any CPU
		{CCB41E00-C8CC-4D9E-A147-487917D58C04}.Release|x64.Build.0 = Release|Any CPU
		{CCB41E00-C8CC-4D9E-A147-487917D58C04}.Release|x86.ActiveCfg = Release|Any CPU
		{CCB41E00-C8CC-4D9E-A147-487917D58C04}.Release|x86.Build.0 = Release|Any CPU
		{68E58CBC-176D-4594-8AF5-9141FC07C0D5}.Debug|Any CPU.ActiveCfg = Debug|Any CPU
		{68E58CBC-176D-4594-8AF5-9141FC07C0D5}.Debug|Any CPU.Build.0 = Debug|Any CPU
		{68E58CBC-176D-4594-8AF5-9141FC07C0D5}.Debug|x64.ActiveCfg = Debug|Any CPU
		{68E58CBC-176D-4594-8AF5-9141FC07C0D5}.Debug|x64.Build.0 = Debug|Any CPU
		{68E58CBC-176D-4594-8AF5-9141FC07C0D5}.Debug|x86.ActiveCfg = Debug|Any CPU
		{68E58CBC-176D-4594-8AF5-9141FC07C0D5}.Debug|x86.Build.0 = Debug|Any CPU
		{68E58CBC-176D-4594-8AF5-9141FC07C0D5}.Release|Any CPU.ActiveCfg = Release|Any CPU
		{68E58CBC-176D-4594-8AF5-9141FC07C0D5}.Release|Any CPU.Build.0 = Release|Any CPU
		{68E58CBC-176D-4594-8AF5-9141FC07C0D5}.Release|x64.ActiveCfg = Release|Any CPU
		{68E58CBC-176D-4594-8AF5-9141FC07C0D5}.Release|x64.Build.0 = Release|Any CPU
		{68E58CBC-176D-4594-8AF5-9141FC07C0D5}.Release|x86.ActiveCfg = Release|Any CPU
		{68E58CBC-176D-4594-8AF5-9141FC07C0D5}.Release|x86.Build.0 = Release|Any CPU
		{2ED0A48D-4E5C-41C0-8E77-5B7E2DC07EDB}.Debug|Any CPU.ActiveCfg = Debug|Any CPU
		{2ED0A48D-4E5C-41C0-8E77-5B7E2DC07EDB}.Debug|Any CPU.Build.0 = Debug|Any CPU
		{2ED0A48D-4E5C-41C0-8E77-5B7E2DC07EDB}.Debug|x64.ActiveCfg = Debug|Any CPU
		{2ED0A48D-4E5C-41C0-8E77-5B7E2DC07EDB}.Debug|x64.Build.0 = Debug|Any CPU
		{2ED0A48D-4E5C-41C0-8E77-5B7E2DC07EDB}.Debug|x86.ActiveCfg = Debug|Any CPU
		{2ED0A48D-4E5C-41C0-8E77-5B7E2DC07EDB}.Debug|x86.Build.0 = Debug|Any CPU
		{2ED0A48D-4E5C-41C0-8E77-5B7E2DC07EDB}.Release|Any CPU.ActiveCfg = Release|Any CPU
		{2ED0A48D-4E5C-41C0-8E77-5B7E2DC07EDB}.Release|Any CPU.Build.0 = Release|Any CPU
		{2ED0A48D-4E5C-41C0-8E77-5B7E2DC07EDB}.Release|x64.ActiveCfg = Release|Any CPU
		{2ED0A48D-4E5C-41C0-8E77-5B7E2DC07EDB}.Release|x64.Build.0 = Release|Any CPU
		{2ED0A48D-4E5C-41C0-8E77-5B7E2DC07EDB}.Release|x86.ActiveCfg = Release|Any CPU
		{2ED0A48D-4E5C-41C0-8E77-5B7E2DC07EDB}.Release|x86.Build.0 = Release|Any CPU
		{3D1029D4-8926-4E06-9E76-6E9B966052FD}.Debug|Any CPU.ActiveCfg = Debug|Any CPU
		{3D1029D4-8926-4E06-9E76-6E9B966052FD}.Debug|Any CPU.Build.0 = Debug|Any CPU
		{3D1029D4-8926-4E06-9E76-6E9B966052FD}.Debug|x64.ActiveCfg = Debug|Any CPU
		{3D1029D4-8926-4E06-9E76-6E9B966052FD}.Debug|x64.Build.0 = Debug|Any CPU
		{3D1029D4-8926-4E06-9E76-6E9B966052FD}.Debug|x86.ActiveCfg = Debug|Any CPU
		{3D1029D4-8926-4E06-9E76-6E9B966052FD}.Debug|x86.Build.0 = Debug|Any CPU
		{3D1029D4-8926-4E06-9E76-6E9B966052FD}.Release|Any CPU.ActiveCfg = Release|Any CPU
		{3D1029D4-8926-4E06-9E76-6E9B966052FD}.Release|Any CPU.Build.0 = Release|Any CPU
		{3D1029D4-8926-4E06-9E76-6E9B966052FD}.Release|x64.ActiveCfg = Release|Any CPU
		{3D1029D4-8926-4E06-9E76-6E9B966052FD}.Release|x64.Build.0 = Release|Any CPU
		{3D1029D4-8926-4E06-9E76-6E9B966052FD}.Release|x86.ActiveCfg = Release|Any CPU
		{3D1029D4-8926-4E06-9E76-6E9B966052FD}.Release|x86.Build.0 = Release|Any CPU
		{5C543CDC-F2B4-4809-8D6C-9A1999FE3F14}.Debug|Any CPU.ActiveCfg = Debug|Any CPU
		{5C543CDC-F2B4-4809-8D6C-9A1999FE3F14}.Debug|Any CPU.Build.0 = Debug|Any CPU
		{5C543CDC-F2B4-4809-8D6C-9A1999FE3F14}.Debug|x64.ActiveCfg = Debug|Any CPU
		{5C543CDC-F2B4-4809-8D6C-9A1999FE3F14}.Debug|x64.Build.0 = Debug|Any CPU
		{5C543CDC-F2B4-4809-8D6C-9A1999FE3F14}.Debug|x86.ActiveCfg = Debug|Any CPU
		{5C543CDC-F2B4-4809-8D6C-9A1999FE3F14}.Debug|x86.Build.0 = Debug|Any CPU
		{5C543CDC-F2B4-4809-8D6C-9A1999FE3F14}.Release|Any CPU.ActiveCfg = Release|Any CPU
		{5C543CDC-F2B4-4809-8D6C-9A1999FE3F14}.Release|Any CPU.Build.0 = Release|Any CPU
		{5C543CDC-F2B4-4809-8D6C-9A1999FE3F14}.Release|x64.ActiveCfg = Release|Any CPU
		{5C543CDC-F2B4-4809-8D6C-9A1999FE3F14}.Release|x64.Build.0 = Release|Any CPU
		{5C543CDC-F2B4-4809-8D6C-9A1999FE3F14}.Release|x86.ActiveCfg = Release|Any CPU
		{5C543CDC-F2B4-4809-8D6C-9A1999FE3F14}.Release|x86.Build.0 = Release|Any CPU
		{3CDA9FC0-3A2E-4249-94AC-618283ADEC46}.Debug|Any CPU.ActiveCfg = Debug|Any CPU
		{3CDA9FC0-3A2E-4249-94AC-618283ADEC46}.Debug|Any CPU.Build.0 = Debug|Any CPU
		{3CDA9FC0-3A2E-4249-94AC-618283ADEC46}.Debug|x64.ActiveCfg = Debug|Any CPU
		{3CDA9FC0-3A2E-4249-94AC-618283ADEC46}.Debug|x64.Build.0 = Debug|Any CPU
		{3CDA9FC0-3A2E-4249-94AC-618283ADEC46}.Debug|x86.ActiveCfg = Debug|Any CPU
		{3CDA9FC0-3A2E-4249-94AC-618283ADEC46}.Debug|x86.Build.0 = Debug|Any CPU
		{3CDA9FC0-3A2E-4249-94AC-618283ADEC46}.Release|Any CPU.ActiveCfg = Release|Any CPU
		{3CDA9FC0-3A2E-4249-94AC-618283ADEC46}.Release|Any CPU.Build.0 = Release|Any CPU
		{3CDA9FC0-3A2E-4249-94AC-618283ADEC46}.Release|x64.ActiveCfg = Release|Any CPU
		{3CDA9FC0-3A2E-4249-94AC-618283ADEC46}.Release|x64.Build.0 = Release|Any CPU
		{3CDA9FC0-3A2E-4249-94AC-618283ADEC46}.Release|x86.ActiveCfg = Release|Any CPU
		{3CDA9FC0-3A2E-4249-94AC-618283ADEC46}.Release|x86.Build.0 = Release|Any CPU
		{A23C1545-452E-404E-B8D4-B57212A910D5}.Debug|Any CPU.ActiveCfg = Debug|Any CPU
		{A23C1545-452E-404E-B8D4-B57212A910D5}.Debug|Any CPU.Build.0 = Debug|Any CPU
		{A23C1545-452E-404E-B8D4-B57212A910D5}.Debug|x64.ActiveCfg = Debug|Any CPU
		{A23C1545-452E-404E-B8D4-B57212A910D5}.Debug|x64.Build.0 = Debug|Any CPU
		{A23C1545-452E-404E-B8D4-B57212A910D5}.Debug|x86.ActiveCfg = Debug|Any CPU
		{A23C1545-452E-404E-B8D4-B57212A910D5}.Debug|x86.Build.0 = Debug|Any CPU
		{A23C1545-452E-404E-B8D4-B57212A910D5}.Release|Any CPU.ActiveCfg = Release|Any CPU
		{A23C1545-452E-404E-B8D4-B57212A910D5}.Release|Any CPU.Build.0 = Release|Any CPU
		{A23C1545-452E-404E-B8D4-B57212A910D5}.Release|x64.ActiveCfg = Release|Any CPU
		{A23C1545-452E-404E-B8D4-B57212A910D5}.Release|x64.Build.0 = Release|Any CPU
		{A23C1545-452E-404E-B8D4-B57212A910D5}.Release|x86.ActiveCfg = Release|Any CPU
		{A23C1545-452E-404E-B8D4-B57212A910D5}.Release|x86.Build.0 = Release|Any CPU
		{D80BC723-87C1-4D8F-8533-3D6ED7E5003F}.Debug|Any CPU.ActiveCfg = Debug|Any CPU
		{D80BC723-87C1-4D8F-8533-3D6ED7E5003F}.Debug|Any CPU.Build.0 = Debug|Any CPU
		{D80BC723-87C1-4D8F-8533-3D6ED7E5003F}.Debug|x64.ActiveCfg = Debug|Any CPU
		{D80BC723-87C1-4D8F-8533-3D6ED7E5003F}.Debug|x64.Build.0 = Debug|Any CPU
		{D80BC723-87C1-4D8F-8533-3D6ED7E5003F}.Debug|x86.ActiveCfg = Debug|Any CPU
		{D80BC723-87C1-4D8F-8533-3D6ED7E5003F}.Debug|x86.Build.0 = Debug|Any CPU
		{D80BC723-87C1-4D8F-8533-3D6ED7E5003F}.Release|Any CPU.ActiveCfg = Release|Any CPU
		{D80BC723-87C1-4D8F-8533-3D6ED7E5003F}.Release|Any CPU.Build.0 = Release|Any CPU
		{D80BC723-87C1-4D8F-8533-3D6ED7E5003F}.Release|x64.ActiveCfg = Release|Any CPU
		{D80BC723-87C1-4D8F-8533-3D6ED7E5003F}.Release|x64.Build.0 = Release|Any CPU
		{D80BC723-87C1-4D8F-8533-3D6ED7E5003F}.Release|x86.ActiveCfg = Release|Any CPU
		{D80BC723-87C1-4D8F-8533-3D6ED7E5003F}.Release|x86.Build.0 = Release|Any CPU
		{4393B28A-57FE-4299-AECC-E12B9F7FB7AB}.Debug|Any CPU.ActiveCfg = Debug|Any CPU
		{4393B28A-57FE-4299-AECC-E12B9F7FB7AB}.Debug|Any CPU.Build.0 = Debug|Any CPU
		{4393B28A-57FE-4299-AECC-E12B9F7FB7AB}.Debug|x64.ActiveCfg = Debug|Any CPU
		{4393B28A-57FE-4299-AECC-E12B9F7FB7AB}.Debug|x64.Build.0 = Debug|Any CPU
		{4393B28A-57FE-4299-AECC-E12B9F7FB7AB}.Debug|x86.ActiveCfg = Debug|Any CPU
		{4393B28A-57FE-4299-AECC-E12B9F7FB7AB}.Debug|x86.Build.0 = Debug|Any CPU
		{4393B28A-57FE-4299-AECC-E12B9F7FB7AB}.Release|Any CPU.ActiveCfg = Release|Any CPU
		{4393B28A-57FE-4299-AECC-E12B9F7FB7AB}.Release|Any CPU.Build.0 = Release|Any CPU
		{4393B28A-57FE-4299-AECC-E12B9F7FB7AB}.Release|x64.ActiveCfg = Release|Any CPU
		{4393B28A-57FE-4299-AECC-E12B9F7FB7AB}.Release|x64.Build.0 = Release|Any CPU
		{4393B28A-57FE-4299-AECC-E12B9F7FB7AB}.Release|x86.ActiveCfg = Release|Any CPU
		{4393B28A-57FE-4299-AECC-E12B9F7FB7AB}.Release|x86.Build.0 = Release|Any CPU
		{62EBDAB1-32E7-40A1-A582-509A027D6C7C}.Debug|Any CPU.ActiveCfg = Debug|Any CPU
		{62EBDAB1-32E7-40A1-A582-509A027D6C7C}.Debug|Any CPU.Build.0 = Debug|Any CPU
		{62EBDAB1-32E7-40A1-A582-509A027D6C7C}.Debug|x64.ActiveCfg = Debug|Any CPU
		{62EBDAB1-32E7-40A1-A582-509A027D6C7C}.Debug|x64.Build.0 = Debug|Any CPU
		{62EBDAB1-32E7-40A1-A582-509A027D6C7C}.Debug|x86.ActiveCfg = Debug|Any CPU
		{62EBDAB1-32E7-40A1-A582-509A027D6C7C}.Debug|x86.Build.0 = Debug|Any CPU
		{62EBDAB1-32E7-40A1-A582-509A027D6C7C}.Release|Any CPU.ActiveCfg = Release|Any CPU
		{62EBDAB1-32E7-40A1-A582-509A027D6C7C}.Release|Any CPU.Build.0 = Release|Any CPU
		{62EBDAB1-32E7-40A1-A582-509A027D6C7C}.Release|x64.ActiveCfg = Release|Any CPU
		{62EBDAB1-32E7-40A1-A582-509A027D6C7C}.Release|x64.Build.0 = Release|Any CPU
		{62EBDAB1-32E7-40A1-A582-509A027D6C7C}.Release|x86.ActiveCfg = Release|Any CPU
		{62EBDAB1-32E7-40A1-A582-509A027D6C7C}.Release|x86.Build.0 = Release|Any CPU
		{FB3E74A0-EDB8-4419-A705-D52ACCB2021D}.Debug|Any CPU.ActiveCfg = Debug|Any CPU
		{FB3E74A0-EDB8-4419-A705-D52ACCB2021D}.Debug|Any CPU.Build.0 = Debug|Any CPU
		{FB3E74A0-EDB8-4419-A705-D52ACCB2021D}.Debug|x64.ActiveCfg = Debug|Any CPU
		{FB3E74A0-EDB8-4419-A705-D52ACCB2021D}.Debug|x64.Build.0 = Debug|Any CPU
		{FB3E74A0-EDB8-4419-A705-D52ACCB2021D}.Debug|x86.ActiveCfg = Debug|Any CPU
		{FB3E74A0-EDB8-4419-A705-D52ACCB2021D}.Debug|x86.Build.0 = Debug|Any CPU
		{FB3E74A0-EDB8-4419-A705-D52ACCB2021D}.Release|Any CPU.ActiveCfg = Release|Any CPU
		{FB3E74A0-EDB8-4419-A705-D52ACCB2021D}.Release|Any CPU.Build.0 = Release|Any CPU
		{FB3E74A0-EDB8-4419-A705-D52ACCB2021D}.Release|x64.ActiveCfg = Release|Any CPU
		{FB3E74A0-EDB8-4419-A705-D52ACCB2021D}.Release|x64.Build.0 = Release|Any CPU
		{FB3E74A0-EDB8-4419-A705-D52ACCB2021D}.Release|x86.ActiveCfg = Release|Any CPU
		{FB3E74A0-EDB8-4419-A705-D52ACCB2021D}.Release|x86.Build.0 = Release|Any CPU
		{A2B50F84-359B-4A88-BC83-3D9E0A64B26B}.Debug|Any CPU.ActiveCfg = Debug|Any CPU
		{A2B50F84-359B-4A88-BC83-3D9E0A64B26B}.Debug|Any CPU.Build.0 = Debug|Any CPU
		{A2B50F84-359B-4A88-BC83-3D9E0A64B26B}.Debug|x64.ActiveCfg = Debug|Any CPU
		{A2B50F84-359B-4A88-BC83-3D9E0A64B26B}.Debug|x64.Build.0 = Debug|Any CPU
		{A2B50F84-359B-4A88-BC83-3D9E0A64B26B}.Debug|x86.ActiveCfg = Debug|Any CPU
		{A2B50F84-359B-4A88-BC83-3D9E0A64B26B}.Debug|x86.Build.0 = Debug|Any CPU
		{A2B50F84-359B-4A88-BC83-3D9E0A64B26B}.Release|Any CPU.ActiveCfg = Release|Any CPU
		{A2B50F84-359B-4A88-BC83-3D9E0A64B26B}.Release|Any CPU.Build.0 = Release|Any CPU
		{A2B50F84-359B-4A88-BC83-3D9E0A64B26B}.Release|x64.ActiveCfg = Release|Any CPU
		{A2B50F84-359B-4A88-BC83-3D9E0A64B26B}.Release|x64.Build.0 = Release|Any CPU
		{A2B50F84-359B-4A88-BC83-3D9E0A64B26B}.Release|x86.ActiveCfg = Release|Any CPU
		{A2B50F84-359B-4A88-BC83-3D9E0A64B26B}.Release|x86.Build.0 = Release|Any CPU
		{FF740EAD-1463-4A36-B7A2-F74BA489B404}.Debug|Any CPU.ActiveCfg = Debug|Any CPU
		{FF740EAD-1463-4A36-B7A2-F74BA489B404}.Debug|Any CPU.Build.0 = Debug|Any CPU
		{FF740EAD-1463-4A36-B7A2-F74BA489B404}.Debug|x64.ActiveCfg = Debug|Any CPU
		{FF740EAD-1463-4A36-B7A2-F74BA489B404}.Debug|x64.Build.0 = Debug|Any CPU
		{FF740EAD-1463-4A36-B7A2-F74BA489B404}.Debug|x86.ActiveCfg = Debug|Any CPU
		{FF740EAD-1463-4A36-B7A2-F74BA489B404}.Debug|x86.Build.0 = Debug|Any CPU
		{FF740EAD-1463-4A36-B7A2-F74BA489B404}.Release|Any CPU.ActiveCfg = Release|Any CPU
		{FF740EAD-1463-4A36-B7A2-F74BA489B404}.Release|Any CPU.Build.0 = Release|Any CPU
		{FF740EAD-1463-4A36-B7A2-F74BA489B404}.Release|x64.ActiveCfg = Release|Any CPU
		{FF740EAD-1463-4A36-B7A2-F74BA489B404}.Release|x64.Build.0 = Release|Any CPU
		{FF740EAD-1463-4A36-B7A2-F74BA489B404}.Release|x86.ActiveCfg = Release|Any CPU
		{FF740EAD-1463-4A36-B7A2-F74BA489B404}.Release|x86.Build.0 = Release|Any CPU
		{56D20193-8619-40D2-85A2-33CE7C8E32C8}.Debug|Any CPU.ActiveCfg = Debug|Any CPU
		{56D20193-8619-40D2-85A2-33CE7C8E32C8}.Debug|Any CPU.Build.0 = Debug|Any CPU
		{56D20193-8619-40D2-85A2-33CE7C8E32C8}.Debug|x64.ActiveCfg = Debug|Any CPU
		{56D20193-8619-40D2-85A2-33CE7C8E32C8}.Debug|x64.Build.0 = Debug|Any CPU
		{56D20193-8619-40D2-85A2-33CE7C8E32C8}.Debug|x86.ActiveCfg = Debug|Any CPU
		{56D20193-8619-40D2-85A2-33CE7C8E32C8}.Debug|x86.Build.0 = Debug|Any CPU
		{56D20193-8619-40D2-85A2-33CE7C8E32C8}.Release|Any CPU.ActiveCfg = Release|Any CPU
		{56D20193-8619-40D2-85A2-33CE7C8E32C8}.Release|Any CPU.Build.0 = Release|Any CPU
		{56D20193-8619-40D2-85A2-33CE7C8E32C8}.Release|x64.ActiveCfg = Release|Any CPU
		{56D20193-8619-40D2-85A2-33CE7C8E32C8}.Release|x64.Build.0 = Release|Any CPU
		{56D20193-8619-40D2-85A2-33CE7C8E32C8}.Release|x86.ActiveCfg = Release|Any CPU
		{56D20193-8619-40D2-85A2-33CE7C8E32C8}.Release|x86.Build.0 = Release|Any CPU
		{0B3D3009-E22D-4F23-B82D-2024BCD8BBD6}.Debug|Any CPU.ActiveCfg = Debug|Any CPU
		{0B3D3009-E22D-4F23-B82D-2024BCD8BBD6}.Debug|Any CPU.Build.0 = Debug|Any CPU
		{0B3D3009-E22D-4F23-B82D-2024BCD8BBD6}.Debug|x64.ActiveCfg = Debug|Any CPU
		{0B3D3009-E22D-4F23-B82D-2024BCD8BBD6}.Debug|x64.Build.0 = Debug|Any CPU
		{0B3D3009-E22D-4F23-B82D-2024BCD8BBD6}.Debug|x86.ActiveCfg = Debug|Any CPU
		{0B3D3009-E22D-4F23-B82D-2024BCD8BBD6}.Debug|x86.Build.0 = Debug|Any CPU
		{0B3D3009-E22D-4F23-B82D-2024BCD8BBD6}.Release|Any CPU.ActiveCfg = Release|Any CPU
		{0B3D3009-E22D-4F23-B82D-2024BCD8BBD6}.Release|Any CPU.Build.0 = Release|Any CPU
		{0B3D3009-E22D-4F23-B82D-2024BCD8BBD6}.Release|x64.ActiveCfg = Release|Any CPU
		{0B3D3009-E22D-4F23-B82D-2024BCD8BBD6}.Release|x64.Build.0 = Release|Any CPU
		{0B3D3009-E22D-4F23-B82D-2024BCD8BBD6}.Release|x86.ActiveCfg = Release|Any CPU
		{0B3D3009-E22D-4F23-B82D-2024BCD8BBD6}.Release|x86.Build.0 = Release|Any CPU
		{46DDE2A2-6774-4144-A48A-7A4C7E22B6B9}.Debug|Any CPU.ActiveCfg = Debug|Any CPU
		{46DDE2A2-6774-4144-A48A-7A4C7E22B6B9}.Debug|Any CPU.Build.0 = Debug|Any CPU
		{46DDE2A2-6774-4144-A48A-7A4C7E22B6B9}.Debug|x64.ActiveCfg = Debug|Any CPU
		{46DDE2A2-6774-4144-A48A-7A4C7E22B6B9}.Debug|x64.Build.0 = Debug|Any CPU
		{46DDE2A2-6774-4144-A48A-7A4C7E22B6B9}.Debug|x86.ActiveCfg = Debug|Any CPU
		{46DDE2A2-6774-4144-A48A-7A4C7E22B6B9}.Debug|x86.Build.0 = Debug|Any CPU
		{46DDE2A2-6774-4144-A48A-7A4C7E22B6B9}.Release|Any CPU.ActiveCfg = Release|Any CPU
		{46DDE2A2-6774-4144-A48A-7A4C7E22B6B9}.Release|Any CPU.Build.0 = Release|Any CPU
		{46DDE2A2-6774-4144-A48A-7A4C7E22B6B9}.Release|x64.ActiveCfg = Release|Any CPU
		{46DDE2A2-6774-4144-A48A-7A4C7E22B6B9}.Release|x64.Build.0 = Release|Any CPU
		{46DDE2A2-6774-4144-A48A-7A4C7E22B6B9}.Release|x86.ActiveCfg = Release|Any CPU
		{46DDE2A2-6774-4144-A48A-7A4C7E22B6B9}.Release|x86.Build.0 = Release|Any CPU
		{49BEB42B-CE45-4AA2-9B34-F4CCD9D8F7B9}.Debug|Any CPU.ActiveCfg = Debug|Any CPU
		{49BEB42B-CE45-4AA2-9B34-F4CCD9D8F7B9}.Debug|Any CPU.Build.0 = Debug|Any CPU
		{49BEB42B-CE45-4AA2-9B34-F4CCD9D8F7B9}.Debug|x64.ActiveCfg = Debug|Any CPU
		{49BEB42B-CE45-4AA2-9B34-F4CCD9D8F7B9}.Debug|x64.Build.0 = Debug|Any CPU
		{49BEB42B-CE45-4AA2-9B34-F4CCD9D8F7B9}.Debug|x86.ActiveCfg = Debug|Any CPU
		{49BEB42B-CE45-4AA2-9B34-F4CCD9D8F7B9}.Debug|x86.Build.0 = Debug|Any CPU
		{49BEB42B-CE45-4AA2-9B34-F4CCD9D8F7B9}.Release|Any CPU.ActiveCfg = Release|Any CPU
		{49BEB42B-CE45-4AA2-9B34-F4CCD9D8F7B9}.Release|Any CPU.Build.0 = Release|Any CPU
		{49BEB42B-CE45-4AA2-9B34-F4CCD9D8F7B9}.Release|x64.ActiveCfg = Release|Any CPU
		{49BEB42B-CE45-4AA2-9B34-F4CCD9D8F7B9}.Release|x64.Build.0 = Release|Any CPU
		{49BEB42B-CE45-4AA2-9B34-F4CCD9D8F7B9}.Release|x86.ActiveCfg = Release|Any CPU
		{49BEB42B-CE45-4AA2-9B34-F4CCD9D8F7B9}.Release|x86.Build.0 = Release|Any CPU
		{3A1AECF5-D124-4AA0-80BB-10BBBA747621}.Debug|Any CPU.ActiveCfg = Debug|Any CPU
		{3A1AECF5-D124-4AA0-80BB-10BBBA747621}.Debug|Any CPU.Build.0 = Debug|Any CPU
		{3A1AECF5-D124-4AA0-80BB-10BBBA747621}.Debug|x64.ActiveCfg = Debug|Any CPU
		{3A1AECF5-D124-4AA0-80BB-10BBBA747621}.Debug|x64.Build.0 = Debug|Any CPU
		{3A1AECF5-D124-4AA0-80BB-10BBBA747621}.Debug|x86.ActiveCfg = Debug|Any CPU
		{3A1AECF5-D124-4AA0-80BB-10BBBA747621}.Debug|x86.Build.0 = Debug|Any CPU
		{3A1AECF5-D124-4AA0-80BB-10BBBA747621}.Release|Any CPU.ActiveCfg = Release|Any CPU
		{3A1AECF5-D124-4AA0-80BB-10BBBA747621}.Release|Any CPU.Build.0 = Release|Any CPU
		{3A1AECF5-D124-4AA0-80BB-10BBBA747621}.Release|x64.ActiveCfg = Release|Any CPU
		{3A1AECF5-D124-4AA0-80BB-10BBBA747621}.Release|x64.Build.0 = Release|Any CPU
		{3A1AECF5-D124-4AA0-80BB-10BBBA747621}.Release|x86.ActiveCfg = Release|Any CPU
		{3A1AECF5-D124-4AA0-80BB-10BBBA747621}.Release|x86.Build.0 = Release|Any CPU
		{3FBA1009-4914-452C-BB4B-F80E86509519}.Debug|Any CPU.ActiveCfg = Debug|Any CPU
		{3FBA1009-4914-452C-BB4B-F80E86509519}.Debug|Any CPU.Build.0 = Debug|Any CPU
		{3FBA1009-4914-452C-BB4B-F80E86509519}.Debug|x64.ActiveCfg = Debug|Any CPU
		{3FBA1009-4914-452C-BB4B-F80E86509519}.Debug|x64.Build.0 = Debug|Any CPU
		{3FBA1009-4914-452C-BB4B-F80E86509519}.Debug|x86.ActiveCfg = Debug|Any CPU
		{3FBA1009-4914-452C-BB4B-F80E86509519}.Debug|x86.Build.0 = Debug|Any CPU
		{3FBA1009-4914-452C-BB4B-F80E86509519}.Release|Any CPU.ActiveCfg = Release|Any CPU
		{3FBA1009-4914-452C-BB4B-F80E86509519}.Release|Any CPU.Build.0 = Release|Any CPU
		{3FBA1009-4914-452C-BB4B-F80E86509519}.Release|x64.ActiveCfg = Release|Any CPU
		{3FBA1009-4914-452C-BB4B-F80E86509519}.Release|x64.Build.0 = Release|Any CPU
		{3FBA1009-4914-452C-BB4B-F80E86509519}.Release|x86.ActiveCfg = Release|Any CPU
		{3FBA1009-4914-452C-BB4B-F80E86509519}.Release|x86.Build.0 = Release|Any CPU
		{DBAE7180-AC41-4711-9E61-869083243E09}.Debug|Any CPU.ActiveCfg = Debug|Any CPU
		{DBAE7180-AC41-4711-9E61-869083243E09}.Debug|Any CPU.Build.0 = Debug|Any CPU
		{DBAE7180-AC41-4711-9E61-869083243E09}.Debug|x64.ActiveCfg = Debug|Any CPU
		{DBAE7180-AC41-4711-9E61-869083243E09}.Debug|x64.Build.0 = Debug|Any CPU
		{DBAE7180-AC41-4711-9E61-869083243E09}.Debug|x86.ActiveCfg = Debug|Any CPU
		{DBAE7180-AC41-4711-9E61-869083243E09}.Debug|x86.Build.0 = Debug|Any CPU
		{DBAE7180-AC41-4711-9E61-869083243E09}.Release|Any CPU.ActiveCfg = Release|Any CPU
		{DBAE7180-AC41-4711-9E61-869083243E09}.Release|Any CPU.Build.0 = Release|Any CPU
		{DBAE7180-AC41-4711-9E61-869083243E09}.Release|x64.ActiveCfg = Release|Any CPU
		{DBAE7180-AC41-4711-9E61-869083243E09}.Release|x64.Build.0 = Release|Any CPU
		{DBAE7180-AC41-4711-9E61-869083243E09}.Release|x86.ActiveCfg = Release|Any CPU
		{DBAE7180-AC41-4711-9E61-869083243E09}.Release|x86.Build.0 = Release|Any CPU
		{E7B67537-83A5-4973-B60B-57195C81E422}.Debug|Any CPU.ActiveCfg = Debug|Any CPU
		{E7B67537-83A5-4973-B60B-57195C81E422}.Debug|Any CPU.Build.0 = Debug|Any CPU
		{E7B67537-83A5-4973-B60B-57195C81E422}.Debug|x64.ActiveCfg = Debug|Any CPU
		{E7B67537-83A5-4973-B60B-57195C81E422}.Debug|x64.Build.0 = Debug|Any CPU
		{E7B67537-83A5-4973-B60B-57195C81E422}.Debug|x86.ActiveCfg = Debug|Any CPU
		{E7B67537-83A5-4973-B60B-57195C81E422}.Debug|x86.Build.0 = Debug|Any CPU
		{E7B67537-83A5-4973-B60B-57195C81E422}.Release|Any CPU.ActiveCfg = Release|Any CPU
		{E7B67537-83A5-4973-B60B-57195C81E422}.Release|Any CPU.Build.0 = Release|Any CPU
		{E7B67537-83A5-4973-B60B-57195C81E422}.Release|x64.ActiveCfg = Release|Any CPU
		{E7B67537-83A5-4973-B60B-57195C81E422}.Release|x64.Build.0 = Release|Any CPU
		{E7B67537-83A5-4973-B60B-57195C81E422}.Release|x86.ActiveCfg = Release|Any CPU
		{E7B67537-83A5-4973-B60B-57195C81E422}.Release|x86.Build.0 = Release|Any CPU
		{4C8FD154-C0D9-403D-8B6A-E9D3BC41FB15}.Debug|Any CPU.ActiveCfg = Debug|Any CPU
		{4C8FD154-C0D9-403D-8B6A-E9D3BC41FB15}.Debug|Any CPU.Build.0 = Debug|Any CPU
		{4C8FD154-C0D9-403D-8B6A-E9D3BC41FB15}.Debug|x64.ActiveCfg = Debug|Any CPU
		{4C8FD154-C0D9-403D-8B6A-E9D3BC41FB15}.Debug|x64.Build.0 = Debug|Any CPU
		{4C8FD154-C0D9-403D-8B6A-E9D3BC41FB15}.Debug|x86.ActiveCfg = Debug|Any CPU
		{4C8FD154-C0D9-403D-8B6A-E9D3BC41FB15}.Debug|x86.Build.0 = Debug|Any CPU
		{4C8FD154-C0D9-403D-8B6A-E9D3BC41FB15}.Release|Any CPU.ActiveCfg = Release|Any CPU
		{4C8FD154-C0D9-403D-8B6A-E9D3BC41FB15}.Release|Any CPU.Build.0 = Release|Any CPU
		{4C8FD154-C0D9-403D-8B6A-E9D3BC41FB15}.Release|x64.ActiveCfg = Release|Any CPU
		{4C8FD154-C0D9-403D-8B6A-E9D3BC41FB15}.Release|x64.Build.0 = Release|Any CPU
		{4C8FD154-C0D9-403D-8B6A-E9D3BC41FB15}.Release|x86.ActiveCfg = Release|Any CPU
		{4C8FD154-C0D9-403D-8B6A-E9D3BC41FB15}.Release|x86.Build.0 = Release|Any CPU
		{441BFB97-52D1-4825-B65D-30CC62C6D786}.Debug|Any CPU.ActiveCfg = Debug|Any CPU
		{441BFB97-52D1-4825-B65D-30CC62C6D786}.Debug|Any CPU.Build.0 = Debug|Any CPU
		{441BFB97-52D1-4825-B65D-30CC62C6D786}.Debug|x64.ActiveCfg = Debug|Any CPU
		{441BFB97-52D1-4825-B65D-30CC62C6D786}.Debug|x64.Build.0 = Debug|Any CPU
		{441BFB97-52D1-4825-B65D-30CC62C6D786}.Debug|x86.ActiveCfg = Debug|Any CPU
		{441BFB97-52D1-4825-B65D-30CC62C6D786}.Debug|x86.Build.0 = Debug|Any CPU
		{441BFB97-52D1-4825-B65D-30CC62C6D786}.Release|Any CPU.ActiveCfg = Release|Any CPU
		{441BFB97-52D1-4825-B65D-30CC62C6D786}.Release|Any CPU.Build.0 = Release|Any CPU
		{441BFB97-52D1-4825-B65D-30CC62C6D786}.Release|x64.ActiveCfg = Release|Any CPU
		{441BFB97-52D1-4825-B65D-30CC62C6D786}.Release|x64.Build.0 = Release|Any CPU
		{441BFB97-52D1-4825-B65D-30CC62C6D786}.Release|x86.ActiveCfg = Release|Any CPU
		{441BFB97-52D1-4825-B65D-30CC62C6D786}.Release|x86.Build.0 = Release|Any CPU
		{FF910E60-053F-4F30-87E3-417E89C96679}.Debug|Any CPU.ActiveCfg = Debug|Any CPU
		{FF910E60-053F-4F30-87E3-417E89C96679}.Debug|Any CPU.Build.0 = Debug|Any CPU
		{FF910E60-053F-4F30-87E3-417E89C96679}.Debug|x64.ActiveCfg = Debug|Any CPU
		{FF910E60-053F-4F30-87E3-417E89C96679}.Debug|x64.Build.0 = Debug|Any CPU
		{FF910E60-053F-4F30-87E3-417E89C96679}.Debug|x86.ActiveCfg = Debug|Any CPU
		{FF910E60-053F-4F30-87E3-417E89C96679}.Debug|x86.Build.0 = Debug|Any CPU
		{FF910E60-053F-4F30-87E3-417E89C96679}.Release|Any CPU.ActiveCfg = Release|Any CPU
		{FF910E60-053F-4F30-87E3-417E89C96679}.Release|Any CPU.Build.0 = Release|Any CPU
		{FF910E60-053F-4F30-87E3-417E89C96679}.Release|x64.ActiveCfg = Release|Any CPU
		{FF910E60-053F-4F30-87E3-417E89C96679}.Release|x64.Build.0 = Release|Any CPU
		{FF910E60-053F-4F30-87E3-417E89C96679}.Release|x86.ActiveCfg = Release|Any CPU
		{FF910E60-053F-4F30-87E3-417E89C96679}.Release|x86.Build.0 = Release|Any CPU
		{EA677462-B0C2-4DA4-A401-6C9CB13427BF}.Debug|Any CPU.ActiveCfg = Debug|Any CPU
		{EA677462-B0C2-4DA4-A401-6C9CB13427BF}.Debug|Any CPU.Build.0 = Debug|Any CPU
		{EA677462-B0C2-4DA4-A401-6C9CB13427BF}.Debug|x64.ActiveCfg = Debug|Any CPU
		{EA677462-B0C2-4DA4-A401-6C9CB13427BF}.Debug|x64.Build.0 = Debug|Any CPU
		{EA677462-B0C2-4DA4-A401-6C9CB13427BF}.Debug|x86.ActiveCfg = Debug|Any CPU
		{EA677462-B0C2-4DA4-A401-6C9CB13427BF}.Debug|x86.Build.0 = Debug|Any CPU
		{EA677462-B0C2-4DA4-A401-6C9CB13427BF}.Release|Any CPU.ActiveCfg = Release|Any CPU
		{EA677462-B0C2-4DA4-A401-6C9CB13427BF}.Release|Any CPU.Build.0 = Release|Any CPU
		{EA677462-B0C2-4DA4-A401-6C9CB13427BF}.Release|x64.ActiveCfg = Release|Any CPU
		{EA677462-B0C2-4DA4-A401-6C9CB13427BF}.Release|x64.Build.0 = Release|Any CPU
		{EA677462-B0C2-4DA4-A401-6C9CB13427BF}.Release|x86.ActiveCfg = Release|Any CPU
		{EA677462-B0C2-4DA4-A401-6C9CB13427BF}.Release|x86.Build.0 = Release|Any CPU
		{0C6EA479-673A-4216-A4BD-A412853CDEF0}.Debug|Any CPU.ActiveCfg = Debug|Any CPU
		{0C6EA479-673A-4216-A4BD-A412853CDEF0}.Debug|Any CPU.Build.0 = Debug|Any CPU
		{0C6EA479-673A-4216-A4BD-A412853CDEF0}.Debug|x64.ActiveCfg = Debug|Any CPU
		{0C6EA479-673A-4216-A4BD-A412853CDEF0}.Debug|x64.Build.0 = Debug|Any CPU
		{0C6EA479-673A-4216-A4BD-A412853CDEF0}.Debug|x86.ActiveCfg = Debug|Any CPU
		{0C6EA479-673A-4216-A4BD-A412853CDEF0}.Debug|x86.Build.0 = Debug|Any CPU
		{0C6EA479-673A-4216-A4BD-A412853CDEF0}.Release|Any CPU.ActiveCfg = Release|Any CPU
		{0C6EA479-673A-4216-A4BD-A412853CDEF0}.Release|Any CPU.Build.0 = Release|Any CPU
		{0C6EA479-673A-4216-A4BD-A412853CDEF0}.Release|x64.ActiveCfg = Release|Any CPU
		{0C6EA479-673A-4216-A4BD-A412853CDEF0}.Release|x64.Build.0 = Release|Any CPU
		{0C6EA479-673A-4216-A4BD-A412853CDEF0}.Release|x86.ActiveCfg = Release|Any CPU
		{0C6EA479-673A-4216-A4BD-A412853CDEF0}.Release|x86.Build.0 = Release|Any CPU
		{891B075F-0B6C-41AA-B163-E7B5F39FB056}.Debug|Any CPU.ActiveCfg = Debug|Any CPU
		{891B075F-0B6C-41AA-B163-E7B5F39FB056}.Debug|Any CPU.Build.0 = Debug|Any CPU
		{891B075F-0B6C-41AA-B163-E7B5F39FB056}.Debug|x64.ActiveCfg = Debug|Any CPU
		{891B075F-0B6C-41AA-B163-E7B5F39FB056}.Debug|x64.Build.0 = Debug|Any CPU
		{891B075F-0B6C-41AA-B163-E7B5F39FB056}.Debug|x86.ActiveCfg = Debug|Any CPU
		{891B075F-0B6C-41AA-B163-E7B5F39FB056}.Debug|x86.Build.0 = Debug|Any CPU
		{891B075F-0B6C-41AA-B163-E7B5F39FB056}.Release|Any CPU.ActiveCfg = Release|Any CPU
		{891B075F-0B6C-41AA-B163-E7B5F39FB056}.Release|Any CPU.Build.0 = Release|Any CPU
		{891B075F-0B6C-41AA-B163-E7B5F39FB056}.Release|x64.ActiveCfg = Release|Any CPU
		{891B075F-0B6C-41AA-B163-E7B5F39FB056}.Release|x64.Build.0 = Release|Any CPU
		{891B075F-0B6C-41AA-B163-E7B5F39FB056}.Release|x86.ActiveCfg = Release|Any CPU
		{891B075F-0B6C-41AA-B163-E7B5F39FB056}.Release|x86.Build.0 = Release|Any CPU
		{0EE7B02C-7EA4-4A6B-816C-5C282F50D810}.Debug|Any CPU.ActiveCfg = Debug|Any CPU
		{0EE7B02C-7EA4-4A6B-816C-5C282F50D810}.Debug|Any CPU.Build.0 = Debug|Any CPU
		{0EE7B02C-7EA4-4A6B-816C-5C282F50D810}.Debug|x64.ActiveCfg = Debug|Any CPU
		{0EE7B02C-7EA4-4A6B-816C-5C282F50D810}.Debug|x64.Build.0 = Debug|Any CPU
		{0EE7B02C-7EA4-4A6B-816C-5C282F50D810}.Debug|x86.ActiveCfg = Debug|Any CPU
		{0EE7B02C-7EA4-4A6B-816C-5C282F50D810}.Debug|x86.Build.0 = Debug|Any CPU
		{0EE7B02C-7EA4-4A6B-816C-5C282F50D810}.Release|Any CPU.ActiveCfg = Release|Any CPU
		{0EE7B02C-7EA4-4A6B-816C-5C282F50D810}.Release|Any CPU.Build.0 = Release|Any CPU
		{0EE7B02C-7EA4-4A6B-816C-5C282F50D810}.Release|x64.ActiveCfg = Release|Any CPU
		{0EE7B02C-7EA4-4A6B-816C-5C282F50D810}.Release|x64.Build.0 = Release|Any CPU
		{0EE7B02C-7EA4-4A6B-816C-5C282F50D810}.Release|x86.ActiveCfg = Release|Any CPU
		{0EE7B02C-7EA4-4A6B-816C-5C282F50D810}.Release|x86.Build.0 = Release|Any CPU
		{5DB457A0-613A-4E1B-9CD1-78949FB35B1D}.Debug|Any CPU.ActiveCfg = Debug|Any CPU
		{5DB457A0-613A-4E1B-9CD1-78949FB35B1D}.Debug|Any CPU.Build.0 = Debug|Any CPU
		{5DB457A0-613A-4E1B-9CD1-78949FB35B1D}.Debug|x64.ActiveCfg = Debug|Any CPU
		{5DB457A0-613A-4E1B-9CD1-78949FB35B1D}.Debug|x64.Build.0 = Debug|Any CPU
		{5DB457A0-613A-4E1B-9CD1-78949FB35B1D}.Debug|x86.ActiveCfg = Debug|Any CPU
		{5DB457A0-613A-4E1B-9CD1-78949FB35B1D}.Debug|x86.Build.0 = Debug|Any CPU
		{5DB457A0-613A-4E1B-9CD1-78949FB35B1D}.Release|Any CPU.ActiveCfg = Release|Any CPU
		{5DB457A0-613A-4E1B-9CD1-78949FB35B1D}.Release|Any CPU.Build.0 = Release|Any CPU
		{5DB457A0-613A-4E1B-9CD1-78949FB35B1D}.Release|x64.ActiveCfg = Release|Any CPU
		{5DB457A0-613A-4E1B-9CD1-78949FB35B1D}.Release|x64.Build.0 = Release|Any CPU
		{5DB457A0-613A-4E1B-9CD1-78949FB35B1D}.Release|x86.ActiveCfg = Release|Any CPU
		{5DB457A0-613A-4E1B-9CD1-78949FB35B1D}.Release|x86.Build.0 = Release|Any CPU
		{3C483C91-3355-4BA0-B1ED-D8C5DC7F184E}.Debug|Any CPU.ActiveCfg = Debug|Any CPU
		{3C483C91-3355-4BA0-B1ED-D8C5DC7F184E}.Debug|Any CPU.Build.0 = Debug|Any CPU
		{3C483C91-3355-4BA0-B1ED-D8C5DC7F184E}.Debug|x64.ActiveCfg = Debug|Any CPU
		{3C483C91-3355-4BA0-B1ED-D8C5DC7F184E}.Debug|x64.Build.0 = Debug|Any CPU
		{3C483C91-3355-4BA0-B1ED-D8C5DC7F184E}.Debug|x86.ActiveCfg = Debug|Any CPU
		{3C483C91-3355-4BA0-B1ED-D8C5DC7F184E}.Debug|x86.Build.0 = Debug|Any CPU
		{3C483C91-3355-4BA0-B1ED-D8C5DC7F184E}.Release|Any CPU.ActiveCfg = Release|Any CPU
		{3C483C91-3355-4BA0-B1ED-D8C5DC7F184E}.Release|Any CPU.Build.0 = Release|Any CPU
		{3C483C91-3355-4BA0-B1ED-D8C5DC7F184E}.Release|x64.ActiveCfg = Release|Any CPU
		{3C483C91-3355-4BA0-B1ED-D8C5DC7F184E}.Release|x64.Build.0 = Release|Any CPU
		{3C483C91-3355-4BA0-B1ED-D8C5DC7F184E}.Release|x86.ActiveCfg = Release|Any CPU
		{3C483C91-3355-4BA0-B1ED-D8C5DC7F184E}.Release|x86.Build.0 = Release|Any CPU
	EndGlobalSection
	GlobalSection(SolutionProperties) = preSolution
		HideSolutionNode = FALSE
	EndGlobalSection
	GlobalSection(NestedProjects) = preSolution
		{9BDC05A5-0E33-94D9-E824-B4934485FD09} = {CA69649D-3BB0-1114-5A3D-787EB7739301}
		{066A0AB7-D917-49F0-A257-30CB449BCB39} = {9BDC05A5-0E33-94D9-E824-B4934485FD09}
		{506A5B2D-C584-46AE-98C9-F9A11887DF4E} = {9BDC05A5-0E33-94D9-E824-B4934485FD09}
		{B2C3D4E5-F6A7-5B6C-9D0E-1F2A3B4C5D6E} = {A1B2C3D4-E5F6-4A5B-8C9D-0E1F2A3B4C5D}
		{C3D4E5F6-A7B8-6C7D-0E1F-2A3B4C5D6E7F} = {B2C3D4E5-F6A7-5B6C-9D0E-1F2A3B4C5D6E}
		{D4E5F6A7-B8C9-7D8E-1F2A-3B4C5D6E7F8A} = {B2C3D4E5-F6A7-5B6C-9D0E-1F2A3B4C5D6E}
		{C1FCC8FB-EB6D-5890-07F8-53BB33DE6364} = {1EE88FFC-ABED-1C65-D58A-B3DADDBD59C0}
		{EFAC8B30-E385-4896-83B2-58D08C5EC4E1} = {C1FCC8FB-EB6D-5890-07F8-53BB33DE6364}
		{4C7F888D-0854-421D-8237-51D52BB55508} = {C1FCC8FB-EB6D-5890-07F8-53BB33DE6364}
		{379EB36C-D72C-DC83-ED00-0881696A202C} = {D952CB8A-5E87-2721-324E-CA2F8A0D4B08}
		{A7E3B042-3C8D-4E9E-B499-F2154A6223F1} = {379EB36C-D72C-DC83-ED00-0881696A202C}
		{5AE8EDC2-C6BA-441D-8352-970F7C827618} = {379EB36C-D72C-DC83-ED00-0881696A202C}
		{78D16467-13FE-C5B2-0C1C-D607E664A162} = {D1C25921-3AEC-287F-CF13-845098F149B1}
		{60E8B1DC-00DD-459A-A4C4-60571C007073} = {78D16467-13FE-C5B2-0C1C-D607E664A162}
		{5A347C4A-C0E0-4D1F-8470-4CFCB585DA84} = {78D16467-13FE-C5B2-0C1C-D607E664A162}
		{DCDFA56A-CF36-4CEE-8650-A46C037165F6} = {7424C833-96BE-8DEB-C53C-8B3C6A7BD34B}
		{15A9B45B-4565-403B-A826-317763C0F23D} = {DCDFA56A-CF36-4CEE-8650-A46C037165F6}
		{3F470091-86C9-4211-A9B9-2D579E293755} = {DCDFA56A-CF36-4CEE-8650-A46C037165F6}
		{ACBE5EB6-F665-6B3B-2A80-2B64EA150CB2} = {7DB3EB95-63A7-F8AC-2663-9C43D6B20036}
		{2A905A57-804D-4463-A685-D01D0C9DA2C9} = {ACBE5EB6-F665-6B3B-2A80-2B64EA150CB2}
		{EFFBB013-F22B-4BC0-B5DC-D6585AB9A351} = {ACBE5EB6-F665-6B3B-2A80-2B64EA150CB2}
		{711272FC-16A1-A9C5-B2C4-DA43CF750088} = {51AA3FD2-80D8-8A64-0824-365A42633CCA}
		{62EDDD5B-FE5C-419B-B7E6-983E6D235B05} = {711272FC-16A1-A9C5-B2C4-DA43CF750088}
		{68483546-40BF-4712-B384-ABFA3CC8C77D} = {711272FC-16A1-A9C5-B2C4-DA43CF750088}
		{A66C92A7-078F-BF6B-29A6-F7597C82DD6B} = {F898B266-EBEE-4328-8A63-97A6EF0F4535}
		{BF35DAC5-F190-4578-A8C5-F835D761BAE5} = {A66C92A7-078F-BF6B-29A6-F7597C82DD6B}
		{92246CEE-E013-4C93-88C4-D19E79913C20} = {A66C92A7-078F-BF6B-29A6-F7597C82DD6B}
		{7F05C5BB-4258-E766-7B0F-60F670191458} = {2AAF5CE3-FFBA-2C5C-E9FA-7BD612152CCB}
		{82AC3AF6-5DCE-48BB-9303-426D4A8A8CBE} = {7F05C5BB-4258-E766-7B0F-60F670191458}
		{F2F852B8-301B-433A-A311-1A2FAF61EAE8} = {7F05C5BB-4258-E766-7B0F-60F670191458}
		{B4C5D6E7-F8A9-0B1C-2D3E-4F5A6B7C8D9E} = {A3B4C5D6-E7F8-9A0B-1C2D-3E4F5A6B7C8D}
		{C5D6E7F8-A9B0-1C2D-3E4F-5A6B7C8D9E0F} = {B4C5D6E7-F8A9-0B1C-2D3E-4F5A6B7C8D9E}
		{D6E7F8A9-B0C1-2D3E-4F5A-6B7C8D9E0F1A} = {B4C5D6E7-F8A9-0B1C-2D3E-4F5A6B7C8D9E}
		{F8A9B0C1-D2E3-4F5A-6B7C-8D9E0F1A2B3C} = {E7F8A9B0-C1D2-3E4F-5A6B-7C8D9E0F1A2B}
		{A9B0C1D2-E3F4-5A6B-7C8D-9E0F1A2B3C4D} = {F8A9B0C1-D2E3-4F5A-6B7C-8D9E0F1A2B3C}
		{B0C1D2E3-F4A5-6B7C-8D9E-0F1A2B3C4D5E} = {F8A9B0C1-D2E3-4F5A-6B7C-8D9E0F1A2B3C}
		{D2E3F4A5-6B7C-8D9E-0F1A-2B3C4D5E6F7A} = {C1D2E3F4-5A6B-7C8D-9E0F-1A2B3C4D5E6F}
		{E3F4A5B6-7C8D-9E0F-1A2B-3C4D5E6F7A8B} = {D2E3F4A5-6B7C-8D9E-0F1A-2B3C4D5E6F7A}
		{F4A5B6C7-8D9E-0F1A-2B3C-4D5E6F7A8B9C} = {D2E3F4A5-6B7C-8D9E-0F1A-2B3C4D5E6F7A}
		{B6C7D8E9-F0A1-2B3C-4D5E-6F7A8B9C0D1E} = {A5B6C7D8-E9F0-1A2B-3C4D-5E6F7A8B9C0D}
		{C7D8E9F0-A1B2-3C4D-5E6F-7A8B9C0D1E2F} = {B6C7D8E9-F0A1-2B3C-4D5E-6F7A8B9C0D1E}
		{D8E9F0A1-B2C3-4D5E-6F7A-8B9C0D1E2F3A} = {B6C7D8E9-F0A1-2B3C-4D5E-6F7A8B9C0D1E}
		{96DE01FD-EAA5-7586-9853-7D1C4D75D48E} = {C6EB4638-5148-97D5-C491-25C8D9A83030}
		{8DB3C096-23D3-4128-99BA-44E22567D217} = {96DE01FD-EAA5-7586-9853-7D1C4D75D48E}
		{DBF9F717-E5DE-453E-9D4F-7172A570593F} = {96DE01FD-EAA5-7586-9853-7D1C4D75D48E}
		{107F5076-17F2-5650-99E4-E09FE185F741} = {EC261585-2DC9-5915-7564-D358528879E5}
		{CD87D930-1C1B-4F9D-B280-99BC3919F531} = {107F5076-17F2-5650-99E4-E09FE185F741}
		{47745C28-ABF1-42F1-9F6B-2741B30AFC87} = {107F5076-17F2-5650-99E4-E09FE185F741}
		{B7608EEC-DA50-C141-FF40-CD23AF00B6E7} = {C3F0AED4-41EA-27F6-97CD-5A5DF1998275}
		{A60392D3-C7FB-46A7-95FC-3392C260A344} = {B7608EEC-DA50-C141-FF40-CD23AF00B6E7}
		{E093CE4E-916A-4DB2-873C-647DFE6CFAB9} = {B7608EEC-DA50-C141-FF40-CD23AF00B6E7}
		{98297433-175F-0B49-1E97-AC3D9CE9FF82} = {005A4924-2F3D-68D4-041C-4D3F89051DF9}
		{BC3516D3-B199-496C-BBAC-5D8CA8AA8EF8} = {98297433-175F-0B49-1E97-AC3D9CE9FF82}
		{FA29AF84-3239-4350-A964-574795DC1E83} = {98297433-175F-0B49-1E97-AC3D9CE9FF82}
		{9AECA1F8-D2B1-523E-89CF-A084C089658B} = {B2812F00-B8D0-AAF4-7D00-7276FAE47029}
		{DB5E08DF-291C-4DB2-A8AC-392860F168E9} = {9AECA1F8-D2B1-523E-89CF-A084C089658B}
		{4625971C-E8CB-46AE-BC99-032533DB060E} = {9AECA1F8-D2B1-523E-89CF-A084C089658B}
		{F85452E4-9B7F-FFB4-E4D4-FB5AE5136E10} = {06132AF4-3B9A-46C4-BA32-5995F8227CA4}
		{CCB41E00-C8CC-4D9E-A147-487917D58C04} = {F85452E4-9B7F-FFB4-E4D4-FB5AE5136E10}
		{68E58CBC-176D-4594-8AF5-9141FC07C0D5} = {F85452E4-9B7F-FFB4-E4D4-FB5AE5136E10}
		{2FFC7FAF-8383-949C-3EDB-437F03DA165C} = {EB12A867-FA6A-D6D6-D5EE-D3DE1DA544B9}
		{2ED0A48D-4E5C-41C0-8E77-5B7E2DC07EDB} = {2FFC7FAF-8383-949C-3EDB-437F03DA165C}
		{3D1029D4-8926-4E06-9E76-6E9B966052FD} = {2FFC7FAF-8383-949C-3EDB-437F03DA165C}
		{F9D8B357-4FBA-E9DA-58B4-89DD5D8A94FD} = {0EF47ED5-BDFA-82F2-A890-5400624BC491}
		{5C543CDC-F2B4-4809-8D6C-9A1999FE3F14} = {F9D8B357-4FBA-E9DA-58B4-89DD5D8A94FD}
		{3CDA9FC0-3A2E-4249-94AC-618283ADEC46} = {F9D8B357-4FBA-E9DA-58B4-89DD5D8A94FD}
		{A8455994-6D1C-15D3-825D-61B05DD3D6DC} = {6EA204DC-50FA-AB21-9BC0-5AE16BB288CD}
		{A23C1545-452E-404E-B8D4-B57212A910D5} = {A8455994-6D1C-15D3-825D-61B05DD3D6DC}
		{D80BC723-87C1-4D8F-8533-3D6ED7E5003F} = {A8455994-6D1C-15D3-825D-61B05DD3D6DC}
		{A88774A3-51D0-DEC5-CEA1-D2D3FE4BF077} = {39BAFE91-53AF-F82B-CA58-90D5C635A4DD}
		{4393B28A-57FE-4299-AECC-E12B9F7FB7AB} = {A88774A3-51D0-DEC5-CEA1-D2D3FE4BF077}
		{62EBDAB1-32E7-40A1-A582-509A027D6C7C} = {A88774A3-51D0-DEC5-CEA1-D2D3FE4BF077}
		{6FE3256A-6868-AA3C-7854-4C690AC3B2C3} = {D81FAB32-1ECE-01F3-C066-80294E12BA25}
		{FB3E74A0-EDB8-4419-A705-D52ACCB2021D} = {6FE3256A-6868-AA3C-7854-4C690AC3B2C3}
		{A2B50F84-359B-4A88-BC83-3D9E0A64B26B} = {6FE3256A-6868-AA3C-7854-4C690AC3B2C3}
		{9B99171E-4360-1927-2D15-E14C48B8F5AA} = {43E53D52-864C-8A9F-46F4-AD7E29F30F17}
		{FF740EAD-1463-4A36-B7A2-F74BA489B404} = {9B99171E-4360-1927-2D15-E14C48B8F5AA}
		{56D20193-8619-40D2-85A2-33CE7C8E32C8} = {9B99171E-4360-1927-2D15-E14C48B8F5AA}
		{FF050C00-C525-B78B-83A3-EB740D7A77C6} = {36A059E6-C3E9-0F5C-AB84-9463BEDDB7A2}
		{0B3D3009-E22D-4F23-B82D-2024BCD8BBD6} = {FF050C00-C525-B78B-83A3-EB740D7A77C6}
		{46DDE2A2-6774-4144-A48A-7A4C7E22B6B9} = {FF050C00-C525-B78B-83A3-EB740D7A77C6}
		{2A14BB28-9F5B-39C8-9B24-C4928AE0F501} = {C4B2E023-BA9C-ED82-F956-0108587E0C20}
		{49BEB42B-CE45-4AA2-9B34-F4CCD9D8F7B9} = {2A14BB28-9F5B-39C8-9B24-C4928AE0F501}
		{3A1AECF5-D124-4AA0-80BB-10BBBA747621} = {2A14BB28-9F5B-39C8-9B24-C4928AE0F501}
		{96998999-3402-CFEC-9581-0EA3056E7803} = {14BA34FA-E22F-C282-5F17-C4A8482D6302}
		{3FBA1009-4914-452C-BB4B-F80E86509519} = {96998999-3402-CFEC-9581-0EA3056E7803}
		{DBAE7180-AC41-4711-9E61-869083243E09} = {96998999-3402-CFEC-9581-0EA3056E7803}
		{3E669341-DAB0-0948-6F38-BD5D26EC1F5C} = {DC349E97-729F-7DD7-F1F3-58375EBB0AC3}
		{E7B67537-83A5-4973-B60B-57195C81E422} = {3E669341-DAB0-0948-6F38-BD5D26EC1F5C}
		{4C8FD154-C0D9-403D-8B6A-E9D3BC41FB15} = {3E669341-DAB0-0948-6F38-BD5D26EC1F5C}
		{09ED897C-28EE-1461-07BB-30D9D5F6D6DC} = {C718E11E-22DE-F3CC-5F42-0143BF3678E1}
		{441BFB97-52D1-4825-B65D-30CC62C6D786} = {09ED897C-28EE-1461-07BB-30D9D5F6D6DC}
		{FF910E60-053F-4F30-87E3-417E89C96679} = {09ED897C-28EE-1461-07BB-30D9D5F6D6DC}
		{F3AE3F74-103A-45F6-394A-6A32DA537CFB} = {FD9BD3B9-181C-A033-3101-74FD45CEA599}
		{EA677462-B0C2-4DA4-A401-6C9CB13427BF} = {F3AE3F74-103A-45F6-394A-6A32DA537CFB}
		{0C6EA479-673A-4216-A4BD-A412853CDEF0} = {F3AE3F74-103A-45F6-394A-6A32DA537CFB}
		{64B55E69-9E9C-6E65-5F3F-E20B97C56450} = {D0D94E8A-26A8-DB43-3C88-5E2B0F8E393E}
		{891B075F-0B6C-41AA-B163-E7B5F39FB056} = {64B55E69-9E9C-6E65-5F3F-E20B97C56450}
		{0EE7B02C-7EA4-4A6B-816C-5C282F50D810} = {64B55E69-9E9C-6E65-5F3F-E20B97C56450}
		{DADC7BA9-4DBD-9BB8-2F76-19D7B88131A2} = {3BB3F944-223D-F1AA-81C3-B79BAB548B80}
		{5DB457A0-613A-4E1B-9CD1-78949FB35B1D} = {DADC7BA9-4DBD-9BB8-2F76-19D7B88131A2}
		{3C483C91-3355-4BA0-B1ED-D8C5DC7F184E} = {DADC7BA9-4DBD-9BB8-2F76-19D7B88131A2}
	EndGlobalSection
	GlobalSection(ExtensibilityGlobals) = postSolution
		SolutionGuid = {F54B2A8A-1227-4026-96DF-8E4FDEC508B3}
	EndGlobalSection
EndGlobal
